
Microsoft Visual Studio Solution File, Format Version 12.00
# Visual Studio 2012
Project("{FAE04EC0-301F-11D3-BF4B-00C04F79EFBC}") = "AssortmentImporter", "AssortmentImporter\AssortmentImporter.csproj", "{76CBDC8A-B41A-4783-9FFA-0A20B57DC36D}"
EndProject
Project("{FAE04EC0-301F-11D3-BF4B-00C04F79EFBC}") = "BonusPointsImporter", "BonusPointsImporter\BonusPointsImporter.csproj", "{F0290DBE-7E72-44B7-B483-851FF65359C9}"
EndProject
Project("{FAE04EC0-301F-11D3-BF4B-00C04F79EFBC}") = "HealthWellbeingImporter", "HealthWellbeingImporter\HealthWellbeingImporter.csproj", "{9DB69E2A-2DD4-4077-98B6-80C496F8B686}"
EndProject
Project("{FAE04EC0-301F-11D3-BF4B-00C04F79EFBC}") = "ImagesImporter", "ImagesImporter\ImagesImporter.csproj", "{0025747E-00AF-4A0D-A34B-EA201C96FC4F}"
EndProject
Project("{FAE04EC0-301F-11D3-BF4B-00C04F79EFBC}") = "ImporterBLL", "ImporterBLL\ImporterBLL.csproj", "{6ECD5932-467A-4555-85AB-A498C2D49DD6}"
EndProject
Project("{FAE04EC0-301F-11D3-BF4B-00C04F79EFBC}") = "MultibuyOfferImporter", "MultibuyOfferImporter\MultibuyOfferImporter.csproj", "{79084C9F-1399-4DF2-9C5A-6C88D2DB2BEB}"
EndProject
Project("{FAE04EC0-301F-11D3-BF4B-00C04F79EFBC}") = "NutritionalInfoImporter", "NutritionalInfoImporter\NutritionalInfoImporter.csproj", "{525C42A4-F0D7-42E0-A583-4EF6C324A21E}"
EndProject
Project("{FAE04EC0-301F-11D3-BF4B-00C04F79EFBC}") = "OnlineSellTypeImporter", "OnlineSellTypeImporter\OnlineSellTypeImporter.csproj", "{A615579E-EAC8-4A1B-9E57-C02D0036E913}"
EndProject
Project("{FAE04EC0-301F-11D3-BF4B-00C04F79EFBC}") = "ProductLocationDailyImporter", "ProductLocationDaily\ProductLocationDailyImporter.csproj", "{504856A9-438C-4C8C-97E0-DAC243B2CA7C}"
EndProject
Project("{FAE04EC0-301F-11D3-BF4B-00C04F79EFBC}") = "ProductLocationImporter", "ProductLocationImporter\ProductLocationImporter.csproj", "{16B5A25F-CE3E-4016-9AF7-3FD2D2E15EE8}"
EndProject
Project("{FAE04EC0-301F-11D3-BF4B-00C04F79EFBC}") = "ProductMasterImporter", "ProductMasterImporter\ProductMasterImporter.csproj", "{4AA2FC68-024F-4FF8-AEE7-542A090D2856}"
EndProject
Project("{FAE04EC0-301F-11D3-BF4B-00C04F79EFBC}") = "ProductPriceImporter", "ProductPriceImporter\ProductPriceImporter.csproj", "{9766EA0D-ECEA-4ECC-B6B8-302BDCBAC1F8}"
EndProject
Project("{FAE04EC0-301F-11D3-BF4B-00C04F79EFBC}") = "ProductWebCategoryImporter", "ProductWebCategoryImporter\ProductWebCategoryImporter.csproj", "{7B365497-74DD-4D9D-AE4D-8626E019BCFC}"
EndProject
Project("{FAE04EC0-301F-11D3-BF4B-00C04F79EFBC}") = "RecipeImporter", "RecipeImporter\RecipeImporter.csproj", "{8F7BFB01-4AAA-4D30-AE25-7E58C15BC9A2}"
EndProject
Project("{FAE04EC0-301F-11D3-BF4B-00C04F79EFBC}") = "RecipePELImporter", "RecipePELImporter\RecipePELImporter.csproj", "{B1C85571-1F76-477A-A4A8-33EC74018E6D}"
EndProject
Project("{FAE04EC0-301F-11D3-BF4B-00C04F79EFBC}") = "RelevantSpecialsImporter", "RelevantSpecialsImporter\RelevantSpecialsImporter.csproj", "{C1854E9B-E6B5-4984-93C5-F73BF5DFF950}"
EndProject
Project("{FAE04EC0-301F-11D3-BF4B-00C04F79EFBC}") = "RelevantSpecialsPELImporter", "RelevantSpecialsPELImporter\RelevantSpecialsPELImporter.csproj", "{240D2DF6-5A69-45A0-95F3-CB0A87826862}"
EndProject
Project("{FAE04EC0-301F-11D3-BF4B-00C04F79EFBC}") = "TargetedOfferImporter", "TargetedOfferImporter\TargetedOfferImporter.csproj", "{EDF7B9F5-A5B8-4264-9935-0D6BE4E7C334}"
EndProject
Project("{FAE04EC0-301F-11D3-BF4B-00C04F79EFBC}") = "TargetedOfferPELImporter", "TargetedOfferPELImporter\TargetedOfferPELImporter.csproj", "{B3A528FF-A4BA-4519-BEC8-21C7A8F51AF8}"
EndProject
Project("{FAE04EC0-301F-11D3-BF4B-00C04F79EFBC}") = "WeeklySpecialsImporter", "WeeklySpecialsImporter\WeeklySpecialsImporter.csproj", "{F962BB71-75D2-442E-8B8B-1468F74174D7}"
EndProject
Project("{2150E333-8FDC-42A3-9474-1A3956D46DE8}") = ".nuget", ".nuget", "{64908E28-DD99-4D89-85A2-405725566F94}"
	ProjectSection(SolutionItems) = preProject
		.nuget\NuGet.Config = .nuget\NuGet.Config
		.nuget\NuGet.exe = .nuget\NuGet.exe
		.nuget\NuGet.targets = .nuget\NuGet.targets
	EndProjectSection
EndProject
Global
	GlobalSection(SolutionConfigurationPlatforms) = preSolution
		Debug|Any CPU = Debug|Any CPU
		Debug|Mixed Platforms = Debug|Mixed Platforms
		Debug|x86 = Debug|x86
		int|Any CPU = int|Any CPU
		int|Mixed Platforms = int|Mixed Platforms
		int|x86 = int|x86
		live|Any CPU = live|Any CPU
		live|Mixed Platforms = live|Mixed Platforms
		live|x86 = live|x86
		Release|Any CPU = Release|Any CPU
		Release|Mixed Platforms = Release|Mixed Platforms
		Release|x86 = Release|x86
		SIN-DEV|Any CPU = SIN-DEV|Any CPU
		SIN-DEV|Mixed Platforms = SIN-DEV|Mixed Platforms
		SIN-DEV|x86 = SIN-DEV|x86
		SIN-INT|Any CPU = SIN-INT|Any CPU
		SIN-INT|Mixed Platforms = SIN-INT|Mixed Platforms
		SIN-INT|x86 = SIN-INT|x86
		SIN-UAT|Any CPU = SIN-UAT|Any CPU
		SIN-UAT|Mixed Platforms = SIN-UAT|Mixed Platforms
		SIN-UAT|x86 = SIN-UAT|x86
		staging|Any CPU = staging|Any CPU
		staging|Mixed Platforms = staging|Mixed Platforms
		staging|x86 = staging|x86
		SYD-LIVE-WOW|Any CPU = SYD-LIVE-WOW|Any CPU
		SYD-LIVE-WOW|Mixed Platforms = SYD-LIVE-WOW|Mixed Platforms
		SYD-LIVE-WOW|x86 = SYD-LIVE-WOW|x86
		SYD-UAT-WOW|Any CPU = SYD-UAT-WOW|Any CPU
		SYD-UAT-WOW|Mixed Platforms = SYD-UAT-WOW|Mixed Platforms
		SYD-UAT-WOW|x86 = SYD-UAT-WOW|x86
		uat|Any CPU = uat|Any CPU
		uat|Mixed Platforms = uat|Mixed Platforms
		uat|x86 = uat|x86
	EndGlobalSection
	GlobalSection(ProjectConfigurationPlatforms) = postSolution
		{76CBDC8A-B41A-4783-9FFA-0A20B57DC36D}.Debug|Any CPU.ActiveCfg = Debug|Any CPU
		{76CBDC8A-B41A-4783-9FFA-0A20B57DC36D}.Debug|Any CPU.Build.0 = Debug|Any CPU
		{76CBDC8A-B41A-4783-9FFA-0A20B57DC36D}.Debug|Mixed Platforms.ActiveCfg = Debug|Any CPU
		{76CBDC8A-B41A-4783-9FFA-0A20B57DC36D}.Debug|Mixed Platforms.Build.0 = Debug|Any CPU
		{76CBDC8A-B41A-4783-9FFA-0A20B57DC36D}.Debug|x86.ActiveCfg = Debug|Any CPU
		{76CBDC8A-B41A-4783-9FFA-0A20B57DC36D}.int|Any CPU.ActiveCfg = SYD-UAT-WOW|Any CPU
		{76CBDC8A-B41A-4783-9FFA-0A20B57DC36D}.int|Any CPU.Build.0 = SYD-UAT-WOW|Any CPU
		{76CBDC8A-B41A-4783-9FFA-0A20B57DC36D}.int|Mixed Platforms.ActiveCfg = SYD-UAT-WOW|Any CPU
		{76CBDC8A-B41A-4783-9FFA-0A20B57DC36D}.int|Mixed Platforms.Build.0 = SYD-UAT-WOW|Any CPU
		{76CBDC8A-B41A-4783-9FFA-0A20B57DC36D}.int|x86.ActiveCfg = SYD-UAT-WOW|Any CPU
		{76CBDC8A-B41A-4783-9FFA-0A20B57DC36D}.live|Any CPU.ActiveCfg = SYD-UAT-WOW|Any CPU
		{76CBDC8A-B41A-4783-9FFA-0A20B57DC36D}.live|Any CPU.Build.0 = SYD-UAT-WOW|Any CPU
		{76CBDC8A-B41A-4783-9FFA-0A20B57DC36D}.live|Mixed Platforms.ActiveCfg = SYD-UAT-WOW|Any CPU
		{76CBDC8A-B41A-4783-9FFA-0A20B57DC36D}.live|Mixed Platforms.Build.0 = SYD-UAT-WOW|Any CPU
		{76CBDC8A-B41A-4783-9FFA-0A20B57DC36D}.live|x86.ActiveCfg = SYD-UAT-WOW|Any CPU
		{76CBDC8A-B41A-4783-9FFA-0A20B57DC36D}.Release|Any CPU.ActiveCfg = Release|Any CPU
		{76CBDC8A-B41A-4783-9FFA-0A20B57DC36D}.Release|Any CPU.Build.0 = Release|Any CPU
		{76CBDC8A-B41A-4783-9FFA-0A20B57DC36D}.Release|Mixed Platforms.ActiveCfg = Release|Any CPU
		{76CBDC8A-B41A-4783-9FFA-0A20B57DC36D}.Release|Mixed Platforms.Build.0 = Release|Any CPU
		{76CBDC8A-B41A-4783-9FFA-0A20B57DC36D}.Release|x86.ActiveCfg = Release|Any CPU
		{76CBDC8A-B41A-4783-9FFA-0A20B57DC36D}.SIN-DEV|Any CPU.ActiveCfg = SIN-DEV|Any CPU
		{76CBDC8A-B41A-4783-9FFA-0A20B57DC36D}.SIN-DEV|Any CPU.Build.0 = SIN-DEV|Any CPU
		{76CBDC8A-B41A-4783-9FFA-0A20B57DC36D}.SIN-DEV|Mixed Platforms.ActiveCfg = SIN-DEV|Any CPU
		{76CBDC8A-B41A-4783-9FFA-0A20B57DC36D}.SIN-DEV|Mixed Platforms.Build.0 = SIN-DEV|Any CPU
		{76CBDC8A-B41A-4783-9FFA-0A20B57DC36D}.SIN-DEV|x86.ActiveCfg = SIN-DEV|Any CPU
		{76CBDC8A-B41A-4783-9FFA-0A20B57DC36D}.SIN-INT|Any CPU.ActiveCfg = SIN-INT|Any CPU
		{76CBDC8A-B41A-4783-9FFA-0A20B57DC36D}.SIN-INT|Any CPU.Build.0 = SIN-INT|Any CPU
		{76CBDC8A-B41A-4783-9FFA-0A20B57DC36D}.SIN-INT|Mixed Platforms.ActiveCfg = SIN-INT|Any CPU
		{76CBDC8A-B41A-4783-9FFA-0A20B57DC36D}.SIN-INT|Mixed Platforms.Build.0 = SIN-INT|Any CPU
		{76CBDC8A-B41A-4783-9FFA-0A20B57DC36D}.SIN-INT|x86.ActiveCfg = SIN-INT|Any CPU
		{76CBDC8A-B41A-4783-9FFA-0A20B57DC36D}.SIN-UAT|Any CPU.ActiveCfg = SIN-UAT|Any CPU
		{76CBDC8A-B41A-4783-9FFA-0A20B57DC36D}.SIN-UAT|Any CPU.Build.0 = SIN-UAT|Any CPU
		{76CBDC8A-B41A-4783-9FFA-0A20B57DC36D}.SIN-UAT|Mixed Platforms.ActiveCfg = SIN-UAT|Any CPU
		{76CBDC8A-B41A-4783-9FFA-0A20B57DC36D}.SIN-UAT|Mixed Platforms.Build.0 = SIN-UAT|Any CPU
		{76CBDC8A-B41A-4783-9FFA-0A20B57DC36D}.SIN-UAT|x86.ActiveCfg = SIN-UAT|Any CPU
		{76CBDC8A-B41A-4783-9FFA-0A20B57DC36D}.staging|Any CPU.ActiveCfg = SYD-UAT-WOW|Any CPU
		{76CBDC8A-B41A-4783-9FFA-0A20B57DC36D}.staging|Any CPU.Build.0 = SYD-UAT-WOW|Any CPU
		{76CBDC8A-B41A-4783-9FFA-0A20B57DC36D}.staging|Mixed Platforms.ActiveCfg = SYD-UAT-WOW|Any CPU
		{76CBDC8A-B41A-4783-9FFA-0A20B57DC36D}.staging|Mixed Platforms.Build.0 = SYD-UAT-WOW|Any CPU
		{76CBDC8A-B41A-4783-9FFA-0A20B57DC36D}.staging|x86.ActiveCfg = SYD-UAT-WOW|Any CPU
		{76CBDC8A-B41A-4783-9FFA-0A20B57DC36D}.SYD-LIVE-WOW|Any CPU.ActiveCfg = SYD-LIVE-WOW|Any CPU
		{76CBDC8A-B41A-4783-9FFA-0A20B57DC36D}.SYD-LIVE-WOW|Any CPU.Build.0 = SYD-LIVE-WOW|Any CPU
		{76CBDC8A-B41A-4783-9FFA-0A20B57DC36D}.SYD-LIVE-WOW|Mixed Platforms.ActiveCfg = SYD-LIVE-WOW|Any CPU
		{76CBDC8A-B41A-4783-9FFA-0A20B57DC36D}.SYD-LIVE-WOW|Mixed Platforms.Build.0 = SYD-LIVE-WOW|Any CPU
		{76CBDC8A-B41A-4783-9FFA-0A20B57DC36D}.SYD-LIVE-WOW|x86.ActiveCfg = SYD-LIVE-WOW|Any CPU
		{76CBDC8A-B41A-4783-9FFA-0A20B57DC36D}.SYD-UAT-WOW|Any CPU.ActiveCfg = SYD-UAT-WOW|Any CPU
		{76CBDC8A-B41A-4783-9FFA-0A20B57DC36D}.SYD-UAT-WOW|Any CPU.Build.0 = SYD-UAT-WOW|Any CPU
		{76CBDC8A-B41A-4783-9FFA-0A20B57DC36D}.SYD-UAT-WOW|Mixed Platforms.ActiveCfg = SYD-UAT-WOW|Any CPU
		{76CBDC8A-B41A-4783-9FFA-0A20B57DC36D}.SYD-UAT-WOW|Mixed Platforms.Build.0 = SYD-UAT-WOW|Any CPU
		{76CBDC8A-B41A-4783-9FFA-0A20B57DC36D}.SYD-UAT-WOW|x86.ActiveCfg = SYD-UAT-WOW|Any CPU
		{76CBDC8A-B41A-4783-9FFA-0A20B57DC36D}.uat|Any CPU.ActiveCfg = SYD-UAT-WOW|Any CPU
		{76CBDC8A-B41A-4783-9FFA-0A20B57DC36D}.uat|Any CPU.Build.0 = SYD-UAT-WOW|Any CPU
		{76CBDC8A-B41A-4783-9FFA-0A20B57DC36D}.uat|Mixed Platforms.ActiveCfg = SYD-UAT-WOW|Any CPU
		{76CBDC8A-B41A-4783-9FFA-0A20B57DC36D}.uat|Mixed Platforms.Build.0 = SYD-UAT-WOW|Any CPU
		{76CBDC8A-B41A-4783-9FFA-0A20B57DC36D}.uat|x86.ActiveCfg = SYD-UAT-WOW|Any CPU
		{F0290DBE-7E72-44B7-B483-851FF65359C9}.Debug|Any CPU.ActiveCfg = Debug|x86
		{F0290DBE-7E72-44B7-B483-851FF65359C9}.Debug|Mixed Platforms.ActiveCfg = Debug|x86
		{F0290DBE-7E72-44B7-B483-851FF65359C9}.Debug|Mixed Platforms.Build.0 = Debug|x86
		{F0290DBE-7E72-44B7-B483-851FF65359C9}.Debug|x86.ActiveCfg = Debug|x86
		{F0290DBE-7E72-44B7-B483-851FF65359C9}.Debug|x86.Build.0 = Debug|x86
		{F0290DBE-7E72-44B7-B483-851FF65359C9}.int|Any CPU.ActiveCfg = int|x86
		{F0290DBE-7E72-44B7-B483-851FF65359C9}.int|Mixed Platforms.ActiveCfg = int|x86
		{F0290DBE-7E72-44B7-B483-851FF65359C9}.int|Mixed Platforms.Build.0 = int|x86
		{F0290DBE-7E72-44B7-B483-851FF65359C9}.int|x86.ActiveCfg = int|x86
		{F0290DBE-7E72-44B7-B483-851FF65359C9}.int|x86.Build.0 = int|x86
		{F0290DBE-7E72-44B7-B483-851FF65359C9}.live|Any CPU.ActiveCfg = SYD-UAT-WOW|x86
		{F0290DBE-7E72-44B7-B483-851FF65359C9}.live|Mixed Platforms.ActiveCfg = SYD-UAT-WOW|x86
		{F0290DBE-7E72-44B7-B483-851FF65359C9}.live|Mixed Platforms.Build.0 = SYD-UAT-WOW|x86
		{F0290DBE-7E72-44B7-B483-851FF65359C9}.live|x86.ActiveCfg = SYD-UAT-WOW|x86
		{F0290DBE-7E72-44B7-B483-851FF65359C9}.live|x86.Build.0 = SYD-UAT-WOW|x86
		{F0290DBE-7E72-44B7-B483-851FF65359C9}.Release|Any CPU.ActiveCfg = Release|x86
		{F0290DBE-7E72-44B7-B483-851FF65359C9}.Release|Mixed Platforms.ActiveCfg = Release|x86
		{F0290DBE-7E72-44B7-B483-851FF65359C9}.Release|Mixed Platforms.Build.0 = Release|x86
		{F0290DBE-7E72-44B7-B483-851FF65359C9}.Release|x86.ActiveCfg = Release|x86
		{F0290DBE-7E72-44B7-B483-851FF65359C9}.Release|x86.Build.0 = Release|x86
		{F0290DBE-7E72-44B7-B483-851FF65359C9}.SIN-DEV|Any CPU.ActiveCfg = SIN-DEV|x86
		{F0290DBE-7E72-44B7-B483-851FF65359C9}.SIN-DEV|Mixed Platforms.ActiveCfg = SIN-DEV|x86
		{F0290DBE-7E72-44B7-B483-851FF65359C9}.SIN-DEV|Mixed Platforms.Build.0 = SIN-DEV|x86
		{F0290DBE-7E72-44B7-B483-851FF65359C9}.SIN-DEV|x86.ActiveCfg = SIN-DEV|x86
		{F0290DBE-7E72-44B7-B483-851FF65359C9}.SIN-DEV|x86.Build.0 = SIN-DEV|x86
		{F0290DBE-7E72-44B7-B483-851FF65359C9}.SIN-INT|Any CPU.ActiveCfg = SIN-INT|x86
		{F0290DBE-7E72-44B7-B483-851FF65359C9}.SIN-INT|Mixed Platforms.ActiveCfg = SIN-INT|x86
		{F0290DBE-7E72-44B7-B483-851FF65359C9}.SIN-INT|Mixed Platforms.Build.0 = SIN-INT|x86
		{F0290DBE-7E72-44B7-B483-851FF65359C9}.SIN-INT|x86.ActiveCfg = SIN-INT|x86
		{F0290DBE-7E72-44B7-B483-851FF65359C9}.SIN-INT|x86.Build.0 = SIN-INT|x86
		{F0290DBE-7E72-44B7-B483-851FF65359C9}.SIN-UAT|Any CPU.ActiveCfg = SIN-UAT|x86
		{F0290DBE-7E72-44B7-B483-851FF65359C9}.SIN-UAT|Mixed Platforms.ActiveCfg = SIN-UAT|x86
		{F0290DBE-7E72-44B7-B483-851FF65359C9}.SIN-UAT|Mixed Platforms.Build.0 = SIN-UAT|x86
		{F0290DBE-7E72-44B7-B483-851FF65359C9}.SIN-UAT|x86.ActiveCfg = SIN-UAT|x86
		{F0290DBE-7E72-44B7-B483-851FF65359C9}.SIN-UAT|x86.Build.0 = SIN-UAT|x86
		{F0290DBE-7E72-44B7-B483-851FF65359C9}.staging|Any CPU.ActiveCfg = SYD-UAT-WOW|x86
		{F0290DBE-7E72-44B7-B483-851FF65359C9}.staging|Mixed Platforms.ActiveCfg = SYD-UAT-WOW|x86
		{F0290DBE-7E72-44B7-B483-851FF65359C9}.staging|Mixed Platforms.Build.0 = SYD-UAT-WOW|x86
		{F0290DBE-7E72-44B7-B483-851FF65359C9}.staging|x86.ActiveCfg = SYD-UAT-WOW|x86
		{F0290DBE-7E72-44B7-B483-851FF65359C9}.staging|x86.Build.0 = SYD-UAT-WOW|x86
		{F0290DBE-7E72-44B7-B483-851FF65359C9}.SYD-LIVE-WOW|Any CPU.ActiveCfg = SYD-LIVE-WOW|x86
		{F0290DBE-7E72-44B7-B483-851FF65359C9}.SYD-LIVE-WOW|Mixed Platforms.ActiveCfg = SYD-LIVE-WOW|x86
		{F0290DBE-7E72-44B7-B483-851FF65359C9}.SYD-LIVE-WOW|Mixed Platforms.Build.0 = SYD-LIVE-WOW|x86
		{F0290DBE-7E72-44B7-B483-851FF65359C9}.SYD-LIVE-WOW|x86.ActiveCfg = SYD-LIVE-WOW|x86
		{F0290DBE-7E72-44B7-B483-851FF65359C9}.SYD-LIVE-WOW|x86.Build.0 = SYD-LIVE-WOW|x86
		{F0290DBE-7E72-44B7-B483-851FF65359C9}.SYD-UAT-WOW|Any CPU.ActiveCfg = SYD-UAT-WOW|x86
		{F0290DBE-7E72-44B7-B483-851FF65359C9}.SYD-UAT-WOW|Mixed Platforms.ActiveCfg = SYD-UAT-WOW|x86
		{F0290DBE-7E72-44B7-B483-851FF65359C9}.SYD-UAT-WOW|Mixed Platforms.Build.0 = SYD-UAT-WOW|x86
		{F0290DBE-7E72-44B7-B483-851FF65359C9}.SYD-UAT-WOW|x86.ActiveCfg = SYD-UAT-WOW|x86
		{F0290DBE-7E72-44B7-B483-851FF65359C9}.SYD-UAT-WOW|x86.Build.0 = SYD-UAT-WOW|x86
		{F0290DBE-7E72-44B7-B483-851FF65359C9}.uat|Any CPU.ActiveCfg = uat|x86
		{F0290DBE-7E72-44B7-B483-851FF65359C9}.uat|Mixed Platforms.ActiveCfg = uat|x86
		{F0290DBE-7E72-44B7-B483-851FF65359C9}.uat|Mixed Platforms.Build.0 = uat|x86
		{F0290DBE-7E72-44B7-B483-851FF65359C9}.uat|x86.ActiveCfg = uat|x86
		{F0290DBE-7E72-44B7-B483-851FF65359C9}.uat|x86.Build.0 = uat|x86
		{9DB69E2A-2DD4-4077-98B6-80C496F8B686}.Debug|Any CPU.ActiveCfg = Debug|x86
		{9DB69E2A-2DD4-4077-98B6-80C496F8B686}.Debug|Mixed Platforms.ActiveCfg = Debug|x86
		{9DB69E2A-2DD4-4077-98B6-80C496F8B686}.Debug|Mixed Platforms.Build.0 = Debug|x86
		{9DB69E2A-2DD4-4077-98B6-80C496F8B686}.Debug|x86.ActiveCfg = Debug|x86
		{9DB69E2A-2DD4-4077-98B6-80C496F8B686}.Debug|x86.Build.0 = Debug|x86
		{9DB69E2A-2DD4-4077-98B6-80C496F8B686}.int|Any CPU.ActiveCfg = int|x86
		{9DB69E2A-2DD4-4077-98B6-80C496F8B686}.int|Mixed Platforms.ActiveCfg = int|x86
		{9DB69E2A-2DD4-4077-98B6-80C496F8B686}.int|Mixed Platforms.Build.0 = int|x86
		{9DB69E2A-2DD4-4077-98B6-80C496F8B686}.int|x86.ActiveCfg = int|x86
		{9DB69E2A-2DD4-4077-98B6-80C496F8B686}.int|x86.Build.0 = int|x86
		{9DB69E2A-2DD4-4077-98B6-80C496F8B686}.live|Any CPU.ActiveCfg = SYD-UAT-WOW|x86
		{9DB69E2A-2DD4-4077-98B6-80C496F8B686}.live|Mixed Platforms.ActiveCfg = SYD-UAT-WOW|x86
		{9DB69E2A-2DD4-4077-98B6-80C496F8B686}.live|Mixed Platforms.Build.0 = SYD-UAT-WOW|x86
		{9DB69E2A-2DD4-4077-98B6-80C496F8B686}.live|x86.ActiveCfg = SYD-UAT-WOW|x86
		{9DB69E2A-2DD4-4077-98B6-80C496F8B686}.live|x86.Build.0 = SYD-UAT-WOW|x86
		{9DB69E2A-2DD4-4077-98B6-80C496F8B686}.Release|Any CPU.ActiveCfg = Release|x86
		{9DB69E2A-2DD4-4077-98B6-80C496F8B686}.Release|Mixed Platforms.ActiveCfg = Release|x86
		{9DB69E2A-2DD4-4077-98B6-80C496F8B686}.Release|Mixed Platforms.Build.0 = Release|x86
		{9DB69E2A-2DD4-4077-98B6-80C496F8B686}.Release|x86.ActiveCfg = Release|x86
		{9DB69E2A-2DD4-4077-98B6-80C496F8B686}.Release|x86.Build.0 = Release|x86
		{9DB69E2A-2DD4-4077-98B6-80C496F8B686}.SIN-DEV|Any CPU.ActiveCfg = SIN-DEV|x86
		{9DB69E2A-2DD4-4077-98B6-80C496F8B686}.SIN-DEV|Mixed Platforms.ActiveCfg = SIN-DEV|x86
		{9DB69E2A-2DD4-4077-98B6-80C496F8B686}.SIN-DEV|Mixed Platforms.Build.0 = SIN-DEV|x86
		{9DB69E2A-2DD4-4077-98B6-80C496F8B686}.SIN-DEV|x86.ActiveCfg = SIN-DEV|x86
		{9DB69E2A-2DD4-4077-98B6-80C496F8B686}.SIN-DEV|x86.Build.0 = SIN-DEV|x86
		{9DB69E2A-2DD4-4077-98B6-80C496F8B686}.SIN-INT|Any CPU.ActiveCfg = SIN-INT|x86
		{9DB69E2A-2DD4-4077-98B6-80C496F8B686}.SIN-INT|Mixed Platforms.ActiveCfg = SIN-INT|x86
		{9DB69E2A-2DD4-4077-98B6-80C496F8B686}.SIN-INT|Mixed Platforms.Build.0 = SIN-INT|x86
		{9DB69E2A-2DD4-4077-98B6-80C496F8B686}.SIN-INT|x86.ActiveCfg = SIN-INT|x86
		{9DB69E2A-2DD4-4077-98B6-80C496F8B686}.SIN-INT|x86.Build.0 = SIN-INT|x86
		{9DB69E2A-2DD4-4077-98B6-80C496F8B686}.SIN-UAT|Any CPU.ActiveCfg = SIN-UAT|x86
		{9DB69E2A-2DD4-4077-98B6-80C496F8B686}.SIN-UAT|Mixed Platforms.ActiveCfg = SIN-UAT|x86
		{9DB69E2A-2DD4-4077-98B6-80C496F8B686}.SIN-UAT|Mixed Platforms.Build.0 = SIN-UAT|x86
		{9DB69E2A-2DD4-4077-98B6-80C496F8B686}.SIN-UAT|x86.ActiveCfg = SIN-UAT|x86
		{9DB69E2A-2DD4-4077-98B6-80C496F8B686}.SIN-UAT|x86.Build.0 = SIN-UAT|x86
		{9DB69E2A-2DD4-4077-98B6-80C496F8B686}.staging|Any CPU.ActiveCfg = SYD-UAT-WOW|x86
		{9DB69E2A-2DD4-4077-98B6-80C496F8B686}.staging|Mixed Platforms.ActiveCfg = SYD-UAT-WOW|x86
		{9DB69E2A-2DD4-4077-98B6-80C496F8B686}.staging|Mixed Platforms.Build.0 = SYD-UAT-WOW|x86
		{9DB69E2A-2DD4-4077-98B6-80C496F8B686}.staging|x86.ActiveCfg = SYD-UAT-WOW|x86
		{9DB69E2A-2DD4-4077-98B6-80C496F8B686}.staging|x86.Build.0 = SYD-UAT-WOW|x86
		{9DB69E2A-2DD4-4077-98B6-80C496F8B686}.SYD-LIVE-WOW|Any CPU.ActiveCfg = SYD-LIVE-WOW|x86
		{9DB69E2A-2DD4-4077-98B6-80C496F8B686}.SYD-LIVE-WOW|Mixed Platforms.ActiveCfg = SYD-LIVE-WOW|x86
		{9DB69E2A-2DD4-4077-98B6-80C496F8B686}.SYD-LIVE-WOW|Mixed Platforms.Build.0 = SYD-LIVE-WOW|x86
		{9DB69E2A-2DD4-4077-98B6-80C496F8B686}.SYD-LIVE-WOW|x86.ActiveCfg = SYD-LIVE-WOW|x86
		{9DB69E2A-2DD4-4077-98B6-80C496F8B686}.SYD-LIVE-WOW|x86.Build.0 = SYD-LIVE-WOW|x86
		{9DB69E2A-2DD4-4077-98B6-80C496F8B686}.SYD-UAT-WOW|Any CPU.ActiveCfg = SYD-UAT-WOW|x86
		{9DB69E2A-2DD4-4077-98B6-80C496F8B686}.SYD-UAT-WOW|Mixed Platforms.ActiveCfg = SYD-UAT-WOW|x86
		{9DB69E2A-2DD4-4077-98B6-80C496F8B686}.SYD-UAT-WOW|Mixed Platforms.Build.0 = SYD-UAT-WOW|x86
		{9DB69E2A-2DD4-4077-98B6-80C496F8B686}.SYD-UAT-WOW|x86.ActiveCfg = SYD-UAT-WOW|x86
		{9DB69E2A-2DD4-4077-98B6-80C496F8B686}.SYD-UAT-WOW|x86.Build.0 = SYD-UAT-WOW|x86
		{9DB69E2A-2DD4-4077-98B6-80C496F8B686}.uat|Any CPU.ActiveCfg = uat|x86
		{9DB69E2A-2DD4-4077-98B6-80C496F8B686}.uat|Mixed Platforms.ActiveCfg = uat|x86
		{9DB69E2A-2DD4-4077-98B6-80C496F8B686}.uat|Mixed Platforms.Build.0 = uat|x86
		{9DB69E2A-2DD4-4077-98B6-80C496F8B686}.uat|x86.ActiveCfg = uat|x86
		{9DB69E2A-2DD4-4077-98B6-80C496F8B686}.uat|x86.Build.0 = uat|x86
		{0025747E-00AF-4A0D-A34B-EA201C96FC4F}.Debug|Any CPU.ActiveCfg = Debug|x86
		{0025747E-00AF-4A0D-A34B-EA201C96FC4F}.Debug|Mixed Platforms.ActiveCfg = Debug|x86
		{0025747E-00AF-4A0D-A34B-EA201C96FC4F}.Debug|Mixed Platforms.Build.0 = Debug|x86
		{0025747E-00AF-4A0D-A34B-EA201C96FC4F}.Debug|x86.ActiveCfg = Debug|x86
		{0025747E-00AF-4A0D-A34B-EA201C96FC4F}.Debug|x86.Build.0 = Debug|x86
		{0025747E-00AF-4A0D-A34B-EA201C96FC4F}.int|Any CPU.ActiveCfg = int|x86
		{0025747E-00AF-4A0D-A34B-EA201C96FC4F}.int|Mixed Platforms.ActiveCfg = int|x86
		{0025747E-00AF-4A0D-A34B-EA201C96FC4F}.int|Mixed Platforms.Build.0 = int|x86
		{0025747E-00AF-4A0D-A34B-EA201C96FC4F}.int|x86.ActiveCfg = int|x86
		{0025747E-00AF-4A0D-A34B-EA201C96FC4F}.int|x86.Build.0 = int|x86
		{0025747E-00AF-4A0D-A34B-EA201C96FC4F}.live|Any CPU.ActiveCfg = SYD-UAT-WOW|x86
		{0025747E-00AF-4A0D-A34B-EA201C96FC4F}.live|Mixed Platforms.ActiveCfg = SYD-UAT-WOW|x86
		{0025747E-00AF-4A0D-A34B-EA201C96FC4F}.live|Mixed Platforms.Build.0 = SYD-UAT-WOW|x86
		{0025747E-00AF-4A0D-A34B-EA201C96FC4F}.live|x86.ActiveCfg = SYD-UAT-WOW|x86
		{0025747E-00AF-4A0D-A34B-EA201C96FC4F}.live|x86.Build.0 = SYD-UAT-WOW|x86
		{0025747E-00AF-4A0D-A34B-EA201C96FC4F}.Release|Any CPU.ActiveCfg = Release|x86
		{0025747E-00AF-4A0D-A34B-EA201C96FC4F}.Release|Mixed Platforms.ActiveCfg = Release|x86
		{0025747E-00AF-4A0D-A34B-EA201C96FC4F}.Release|Mixed Platforms.Build.0 = Release|x86
		{0025747E-00AF-4A0D-A34B-EA201C96FC4F}.Release|x86.ActiveCfg = Release|x86
		{0025747E-00AF-4A0D-A34B-EA201C96FC4F}.Release|x86.Build.0 = Release|x86
		{0025747E-00AF-4A0D-A34B-EA201C96FC4F}.SIN-DEV|Any CPU.ActiveCfg = SIN-DEV|x86
		{0025747E-00AF-4A0D-A34B-EA201C96FC4F}.SIN-DEV|Mixed Platforms.ActiveCfg = SIN-DEV|x86
		{0025747E-00AF-4A0D-A34B-EA201C96FC4F}.SIN-DEV|Mixed Platforms.Build.0 = SIN-DEV|x86
		{0025747E-00AF-4A0D-A34B-EA201C96FC4F}.SIN-DEV|x86.ActiveCfg = SIN-DEV|x86
		{0025747E-00AF-4A0D-A34B-EA201C96FC4F}.SIN-DEV|x86.Build.0 = SIN-DEV|x86
		{0025747E-00AF-4A0D-A34B-EA201C96FC4F}.SIN-INT|Any CPU.ActiveCfg = SIN-INT|x86
		{0025747E-00AF-4A0D-A34B-EA201C96FC4F}.SIN-INT|Mixed Platforms.ActiveCfg = SIN-INT|x86
		{0025747E-00AF-4A0D-A34B-EA201C96FC4F}.SIN-INT|Mixed Platforms.Build.0 = SIN-INT|x86
		{0025747E-00AF-4A0D-A34B-EA201C96FC4F}.SIN-INT|x86.ActiveCfg = SIN-INT|x86
		{0025747E-00AF-4A0D-A34B-EA201C96FC4F}.SIN-INT|x86.Build.0 = SIN-INT|x86
		{0025747E-00AF-4A0D-A34B-EA201C96FC4F}.SIN-UAT|Any CPU.ActiveCfg = SIN-UAT|x86
		{0025747E-00AF-4A0D-A34B-EA201C96FC4F}.SIN-UAT|Mixed Platforms.ActiveCfg = SIN-UAT|x86
		{0025747E-00AF-4A0D-A34B-EA201C96FC4F}.SIN-UAT|Mixed Platforms.Build.0 = SIN-UAT|x86
		{0025747E-00AF-4A0D-A34B-EA201C96FC4F}.SIN-UAT|x86.ActiveCfg = SIN-UAT|x86
		{0025747E-00AF-4A0D-A34B-EA201C96FC4F}.SIN-UAT|x86.Build.0 = SIN-UAT|x86
		{0025747E-00AF-4A0D-A34B-EA201C96FC4F}.staging|Any CPU.ActiveCfg = SYD-UAT-WOW|x86
		{0025747E-00AF-4A0D-A34B-EA201C96FC4F}.staging|Mixed Platforms.ActiveCfg = SYD-UAT-WOW|x86
		{0025747E-00AF-4A0D-A34B-EA201C96FC4F}.staging|Mixed Platforms.Build.0 = SYD-UAT-WOW|x86
		{0025747E-00AF-4A0D-A34B-EA201C96FC4F}.staging|x86.ActiveCfg = SYD-UAT-WOW|x86
		{0025747E-00AF-4A0D-A34B-EA201C96FC4F}.staging|x86.Build.0 = SYD-UAT-WOW|x86
		{0025747E-00AF-4A0D-A34B-EA201C96FC4F}.SYD-LIVE-WOW|Any CPU.ActiveCfg = SYD-LIVE-WOW|x86
		{0025747E-00AF-4A0D-A34B-EA201C96FC4F}.SYD-LIVE-WOW|Mixed Platforms.ActiveCfg = SYD-LIVE-WOW|x86
		{0025747E-00AF-4A0D-A34B-EA201C96FC4F}.SYD-LIVE-WOW|Mixed Platforms.Build.0 = SYD-LIVE-WOW|x86
		{0025747E-00AF-4A0D-A34B-EA201C96FC4F}.SYD-LIVE-WOW|x86.ActiveCfg = SYD-LIVE-WOW|x86
		{0025747E-00AF-4A0D-A34B-EA201C96FC4F}.SYD-LIVE-WOW|x86.Build.0 = SYD-LIVE-WOW|x86
		{0025747E-00AF-4A0D-A34B-EA201C96FC4F}.SYD-UAT-WOW|Any CPU.ActiveCfg = SYD-UAT-WOW|x86
		{0025747E-00AF-4A0D-A34B-EA201C96FC4F}.SYD-UAT-WOW|Mixed Platforms.ActiveCfg = SYD-UAT-WOW|x86
		{0025747E-00AF-4A0D-A34B-EA201C96FC4F}.SYD-UAT-WOW|Mixed Platforms.Build.0 = SYD-UAT-WOW|x86
		{0025747E-00AF-4A0D-A34B-EA201C96FC4F}.SYD-UAT-WOW|x86.ActiveCfg = SYD-UAT-WOW|x86
		{0025747E-00AF-4A0D-A34B-EA201C96FC4F}.SYD-UAT-WOW|x86.Build.0 = SYD-UAT-WOW|x86
		{0025747E-00AF-4A0D-A34B-EA201C96FC4F}.uat|Any CPU.ActiveCfg = uat|x86
		{0025747E-00AF-4A0D-A34B-EA201C96FC4F}.uat|Mixed Platforms.ActiveCfg = uat|x86
		{0025747E-00AF-4A0D-A34B-EA201C96FC4F}.uat|Mixed Platforms.Build.0 = uat|x86
		{0025747E-00AF-4A0D-A34B-EA201C96FC4F}.uat|x86.ActiveCfg = uat|x86
		{0025747E-00AF-4A0D-A34B-EA201C96FC4F}.uat|x86.Build.0 = uat|x86
		{6ECD5932-467A-4555-85AB-A498C2D49DD6}.Debug|Any CPU.ActiveCfg = Debug|Any CPU
		{6ECD5932-467A-4555-85AB-A498C2D49DD6}.Debug|Any CPU.Build.0 = Debug|Any CPU
		{6ECD5932-467A-4555-85AB-A498C2D49DD6}.Debug|Mixed Platforms.ActiveCfg = Debug|Any CPU
		{6ECD5932-467A-4555-85AB-A498C2D49DD6}.Debug|Mixed Platforms.Build.0 = Debug|Any CPU
		{6ECD5932-467A-4555-85AB-A498C2D49DD6}.Debug|x86.ActiveCfg = Debug|Any CPU
		{6ECD5932-467A-4555-85AB-A498C2D49DD6}.int|Any CPU.ActiveCfg = Release|Any CPU
		{6ECD5932-467A-4555-85AB-A498C2D49DD6}.int|Any CPU.Build.0 = Release|Any CPU
		{6ECD5932-467A-4555-85AB-A498C2D49DD6}.int|Mixed Platforms.ActiveCfg = Release|Any CPU
		{6ECD5932-467A-4555-85AB-A498C2D49DD6}.int|Mixed Platforms.Build.0 = Release|Any CPU
		{6ECD5932-467A-4555-85AB-A498C2D49DD6}.int|x86.ActiveCfg = Release|Any CPU
		{6ECD5932-467A-4555-85AB-A498C2D49DD6}.live|Any CPU.ActiveCfg = Release|Any CPU
		{6ECD5932-467A-4555-85AB-A498C2D49DD6}.live|Any CPU.Build.0 = Release|Any CPU
		{6ECD5932-467A-4555-85AB-A498C2D49DD6}.live|Mixed Platforms.ActiveCfg = Release|Any CPU
		{6ECD5932-467A-4555-85AB-A498C2D49DD6}.live|Mixed Platforms.Build.0 = Release|Any CPU
		{6ECD5932-467A-4555-85AB-A498C2D49DD6}.live|x86.ActiveCfg = Release|Any CPU
		{6ECD5932-467A-4555-85AB-A498C2D49DD6}.Release|Any CPU.ActiveCfg = Release|Any CPU
		{6ECD5932-467A-4555-85AB-A498C2D49DD6}.Release|Any CPU.Build.0 = Release|Any CPU
		{6ECD5932-467A-4555-85AB-A498C2D49DD6}.Release|Mixed Platforms.ActiveCfg = Release|Any CPU
		{6ECD5932-467A-4555-85AB-A498C2D49DD6}.Release|Mixed Platforms.Build.0 = Release|Any CPU
		{6ECD5932-467A-4555-85AB-A498C2D49DD6}.Release|x86.ActiveCfg = Release|Any CPU
		{6ECD5932-467A-4555-85AB-A498C2D49DD6}.SIN-DEV|Any CPU.ActiveCfg = Release|Any CPU
		{6ECD5932-467A-4555-85AB-A498C2D49DD6}.SIN-DEV|Any CPU.Build.0 = Release|Any CPU
		{6ECD5932-467A-4555-85AB-A498C2D49DD6}.SIN-DEV|Mixed Platforms.ActiveCfg = Release|Any CPU
		{6ECD5932-467A-4555-85AB-A498C2D49DD6}.SIN-DEV|Mixed Platforms.Build.0 = Release|Any CPU
		{6ECD5932-467A-4555-85AB-A498C2D49DD6}.SIN-DEV|x86.ActiveCfg = Release|Any CPU
		{6ECD5932-467A-4555-85AB-A498C2D49DD6}.SIN-INT|Any CPU.ActiveCfg = Release|Any CPU
		{6ECD5932-467A-4555-85AB-A498C2D49DD6}.SIN-INT|Any CPU.Build.0 = Release|Any CPU
		{6ECD5932-467A-4555-85AB-A498C2D49DD6}.SIN-INT|Mixed Platforms.ActiveCfg = Release|Any CPU
		{6ECD5932-467A-4555-85AB-A498C2D49DD6}.SIN-INT|Mixed Platforms.Build.0 = Release|Any CPU
		{6ECD5932-467A-4555-85AB-A498C2D49DD6}.SIN-INT|x86.ActiveCfg = Release|Any CPU
		{6ECD5932-467A-4555-85AB-A498C2D49DD6}.SIN-UAT|Any CPU.ActiveCfg = Release|Any CPU
		{6ECD5932-467A-4555-85AB-A498C2D49DD6}.SIN-UAT|Any CPU.Build.0 = Release|Any CPU
		{6ECD5932-467A-4555-85AB-A498C2D49DD6}.SIN-UAT|Mixed Platforms.ActiveCfg = Release|Any CPU
		{6ECD5932-467A-4555-85AB-A498C2D49DD6}.SIN-UAT|Mixed Platforms.Build.0 = Release|Any CPU
		{6ECD5932-467A-4555-85AB-A498C2D49DD6}.SIN-UAT|x86.ActiveCfg = Release|Any CPU
		{6ECD5932-467A-4555-85AB-A498C2D49DD6}.staging|Any CPU.ActiveCfg = Release|Any CPU
		{6ECD5932-467A-4555-85AB-A498C2D49DD6}.staging|Any CPU.Build.0 = Release|Any CPU
		{6ECD5932-467A-4555-85AB-A498C2D49DD6}.staging|Mixed Platforms.ActiveCfg = Release|Any CPU
		{6ECD5932-467A-4555-85AB-A498C2D49DD6}.staging|Mixed Platforms.Build.0 = Release|Any CPU
		{6ECD5932-467A-4555-85AB-A498C2D49DD6}.staging|x86.ActiveCfg = Release|Any CPU
		{6ECD5932-467A-4555-85AB-A498C2D49DD6}.SYD-LIVE-WOW|Any CPU.ActiveCfg = Release|Any CPU
		{6ECD5932-467A-4555-85AB-A498C2D49DD6}.SYD-LIVE-WOW|Any CPU.Build.0 = Release|Any CPU
		{6ECD5932-467A-4555-85AB-A498C2D49DD6}.SYD-LIVE-WOW|Mixed Platforms.ActiveCfg = Release|Any CPU
		{6ECD5932-467A-4555-85AB-A498C2D49DD6}.SYD-LIVE-WOW|Mixed Platforms.Build.0 = Release|Any CPU
		{6ECD5932-467A-4555-85AB-A498C2D49DD6}.SYD-LIVE-WOW|x86.ActiveCfg = Release|Any CPU
		{6ECD5932-467A-4555-85AB-A498C2D49DD6}.SYD-UAT-WOW|Any CPU.ActiveCfg = Release|Any CPU
		{6ECD5932-467A-4555-85AB-A498C2D49DD6}.SYD-UAT-WOW|Any CPU.Build.0 = Release|Any CPU
		{6ECD5932-467A-4555-85AB-A498C2D49DD6}.SYD-UAT-WOW|Mixed Platforms.ActiveCfg = Release|Any CPU
		{6ECD5932-467A-4555-85AB-A498C2D49DD6}.SYD-UAT-WOW|Mixed Platforms.Build.0 = Release|Any CPU
		{6ECD5932-467A-4555-85AB-A498C2D49DD6}.SYD-UAT-WOW|x86.ActiveCfg = Release|Any CPU
		{6ECD5932-467A-4555-85AB-A498C2D49DD6}.uat|Any CPU.ActiveCfg = Release|Any CPU
		{6ECD5932-467A-4555-85AB-A498C2D49DD6}.uat|Any CPU.Build.0 = Release|Any CPU
		{6ECD5932-467A-4555-85AB-A498C2D49DD6}.uat|Mixed Platforms.ActiveCfg = Release|Any CPU
		{6ECD5932-467A-4555-85AB-A498C2D49DD6}.uat|Mixed Platforms.Build.0 = Release|Any CPU
		{6ECD5932-467A-4555-85AB-A498C2D49DD6}.uat|x86.ActiveCfg = Release|Any CPU
		{79084C9F-1399-4DF2-9C5A-6C88D2DB2BEB}.Debug|Any CPU.ActiveCfg = Debug|x86
		{79084C9F-1399-4DF2-9C5A-6C88D2DB2BEB}.Debug|Mixed Platforms.ActiveCfg = Debug|x86
		{79084C9F-1399-4DF2-9C5A-6C88D2DB2BEB}.Debug|Mixed Platforms.Build.0 = Debug|x86
		{79084C9F-1399-4DF2-9C5A-6C88D2DB2BEB}.Debug|x86.ActiveCfg = Debug|x86
		{79084C9F-1399-4DF2-9C5A-6C88D2DB2BEB}.Debug|x86.Build.0 = Debug|x86
		{79084C9F-1399-4DF2-9C5A-6C88D2DB2BEB}.int|Any CPU.ActiveCfg = int|x86
		{79084C9F-1399-4DF2-9C5A-6C88D2DB2BEB}.int|Mixed Platforms.ActiveCfg = int|x86
		{79084C9F-1399-4DF2-9C5A-6C88D2DB2BEB}.int|Mixed Platforms.Build.0 = int|x86
		{79084C9F-1399-4DF2-9C5A-6C88D2DB2BEB}.int|x86.ActiveCfg = int|x86
		{79084C9F-1399-4DF2-9C5A-6C88D2DB2BEB}.int|x86.Build.0 = int|x86
		{79084C9F-1399-4DF2-9C5A-6C88D2DB2BEB}.live|Any CPU.ActiveCfg = SYD-UAT-WOW|x86
		{79084C9F-1399-4DF2-9C5A-6C88D2DB2BEB}.live|Mixed Platforms.ActiveCfg = SYD-UAT-WOW|x86
		{79084C9F-1399-4DF2-9C5A-6C88D2DB2BEB}.live|Mixed Platforms.Build.0 = SYD-UAT-WOW|x86
		{79084C9F-1399-4DF2-9C5A-6C88D2DB2BEB}.live|x86.ActiveCfg = SYD-UAT-WOW|x86
		{79084C9F-1399-4DF2-9C5A-6C88D2DB2BEB}.live|x86.Build.0 = SYD-UAT-WOW|x86
		{79084C9F-1399-4DF2-9C5A-6C88D2DB2BEB}.Release|Any CPU.ActiveCfg = Release|x86
		{79084C9F-1399-4DF2-9C5A-6C88D2DB2BEB}.Release|Mixed Platforms.ActiveCfg = Release|x86
		{79084C9F-1399-4DF2-9C5A-6C88D2DB2BEB}.Release|Mixed Platforms.Build.0 = Release|x86
		{79084C9F-1399-4DF2-9C5A-6C88D2DB2BEB}.Release|x86.ActiveCfg = Release|x86
		{79084C9F-1399-4DF2-9C5A-6C88D2DB2BEB}.Release|x86.Build.0 = Release|x86
		{79084C9F-1399-4DF2-9C5A-6C88D2DB2BEB}.SIN-DEV|Any CPU.ActiveCfg = SIN-DEV|x86
		{79084C9F-1399-4DF2-9C5A-6C88D2DB2BEB}.SIN-DEV|Mixed Platforms.ActiveCfg = SIN-DEV|x86
		{79084C9F-1399-4DF2-9C5A-6C88D2DB2BEB}.SIN-DEV|Mixed Platforms.Build.0 = SIN-DEV|x86
		{79084C9F-1399-4DF2-9C5A-6C88D2DB2BEB}.SIN-DEV|x86.ActiveCfg = SIN-DEV|x86
		{79084C9F-1399-4DF2-9C5A-6C88D2DB2BEB}.SIN-DEV|x86.Build.0 = SIN-DEV|x86
		{79084C9F-1399-4DF2-9C5A-6C88D2DB2BEB}.SIN-INT|Any CPU.ActiveCfg = SIN-INT|x86
		{79084C9F-1399-4DF2-9C5A-6C88D2DB2BEB}.SIN-INT|Mixed Platforms.ActiveCfg = SIN-INT|x86
		{79084C9F-1399-4DF2-9C5A-6C88D2DB2BEB}.SIN-INT|Mixed Platforms.Build.0 = SIN-INT|x86
		{79084C9F-1399-4DF2-9C5A-6C88D2DB2BEB}.SIN-INT|x86.ActiveCfg = SIN-INT|x86
		{79084C9F-1399-4DF2-9C5A-6C88D2DB2BEB}.SIN-INT|x86.Build.0 = SIN-INT|x86
		{79084C9F-1399-4DF2-9C5A-6C88D2DB2BEB}.SIN-UAT|Any CPU.ActiveCfg = SIN-UAT|x86
		{79084C9F-1399-4DF2-9C5A-6C88D2DB2BEB}.SIN-UAT|Mixed Platforms.ActiveCfg = SIN-UAT|x86
		{79084C9F-1399-4DF2-9C5A-6C88D2DB2BEB}.SIN-UAT|Mixed Platforms.Build.0 = SIN-UAT|x86
		{79084C9F-1399-4DF2-9C5A-6C88D2DB2BEB}.SIN-UAT|x86.ActiveCfg = SIN-UAT|x86
		{79084C9F-1399-4DF2-9C5A-6C88D2DB2BEB}.SIN-UAT|x86.Build.0 = SIN-UAT|x86
		{79084C9F-1399-4DF2-9C5A-6C88D2DB2BEB}.staging|Any CPU.ActiveCfg = SYD-UAT-WOW|x86
		{79084C9F-1399-4DF2-9C5A-6C88D2DB2BEB}.staging|Mixed Platforms.ActiveCfg = SYD-UAT-WOW|x86
		{79084C9F-1399-4DF2-9C5A-6C88D2DB2BEB}.staging|Mixed Platforms.Build.0 = SYD-UAT-WOW|x86
		{79084C9F-1399-4DF2-9C5A-6C88D2DB2BEB}.staging|x86.ActiveCfg = SYD-UAT-WOW|x86
		{79084C9F-1399-4DF2-9C5A-6C88D2DB2BEB}.staging|x86.Build.0 = SYD-UAT-WOW|x86
		{79084C9F-1399-4DF2-9C5A-6C88D2DB2BEB}.SYD-LIVE-WOW|Any CPU.ActiveCfg = SYD-LIVE-WOW|x86
		{79084C9F-1399-4DF2-9C5A-6C88D2DB2BEB}.SYD-LIVE-WOW|Mixed Platforms.ActiveCfg = SYD-LIVE-WOW|x86
		{79084C9F-1399-4DF2-9C5A-6C88D2DB2BEB}.SYD-LIVE-WOW|Mixed Platforms.Build.0 = SYD-LIVE-WOW|x86
		{79084C9F-1399-4DF2-9C5A-6C88D2DB2BEB}.SYD-LIVE-WOW|x86.ActiveCfg = SYD-LIVE-WOW|x86
		{79084C9F-1399-4DF2-9C5A-6C88D2DB2BEB}.SYD-LIVE-WOW|x86.Build.0 = SYD-LIVE-WOW|x86
		{79084C9F-1399-4DF2-9C5A-6C88D2DB2BEB}.SYD-UAT-WOW|Any CPU.ActiveCfg = SYD-UAT-WOW|x86
		{79084C9F-1399-4DF2-9C5A-6C88D2DB2BEB}.SYD-UAT-WOW|Mixed Platforms.ActiveCfg = SYD-UAT-WOW|x86
		{79084C9F-1399-4DF2-9C5A-6C88D2DB2BEB}.SYD-UAT-WOW|Mixed Platforms.Build.0 = SYD-UAT-WOW|x86
		{79084C9F-1399-4DF2-9C5A-6C88D2DB2BEB}.SYD-UAT-WOW|x86.ActiveCfg = SYD-UAT-WOW|x86
		{79084C9F-1399-4DF2-9C5A-6C88D2DB2BEB}.SYD-UAT-WOW|x86.Build.0 = SYD-UAT-WOW|x86
		{79084C9F-1399-4DF2-9C5A-6C88D2DB2BEB}.uat|Any CPU.ActiveCfg = uat|x86
		{79084C9F-1399-4DF2-9C5A-6C88D2DB2BEB}.uat|Mixed Platforms.ActiveCfg = uat|x86
		{79084C9F-1399-4DF2-9C5A-6C88D2DB2BEB}.uat|Mixed Platforms.Build.0 = uat|x86
		{79084C9F-1399-4DF2-9C5A-6C88D2DB2BEB}.uat|x86.ActiveCfg = uat|x86
		{79084C9F-1399-4DF2-9C5A-6C88D2DB2BEB}.uat|x86.Build.0 = uat|x86
		{525C42A4-F0D7-42E0-A583-4EF6C324A21E}.Debug|Any CPU.ActiveCfg = Debug|Any CPU
		{525C42A4-F0D7-42E0-A583-4EF6C324A21E}.Debug|Any CPU.Build.0 = Debug|Any CPU
		{525C42A4-F0D7-42E0-A583-4EF6C324A21E}.Debug|Mixed Platforms.ActiveCfg = Debug|Any CPU
		{525C42A4-F0D7-42E0-A583-4EF6C324A21E}.Debug|Mixed Platforms.Build.0 = Debug|Any CPU
		{525C42A4-F0D7-42E0-A583-4EF6C324A21E}.Debug|x86.ActiveCfg = Debug|x86
		{525C42A4-F0D7-42E0-A583-4EF6C324A21E}.Debug|x86.Build.0 = Debug|x86
		{525C42A4-F0D7-42E0-A583-4EF6C324A21E}.int|Any CPU.ActiveCfg = int|Any CPU
		{525C42A4-F0D7-42E0-A583-4EF6C324A21E}.int|Any CPU.Build.0 = int|Any CPU
		{525C42A4-F0D7-42E0-A583-4EF6C324A21E}.int|Mixed Platforms.ActiveCfg = int|x86
		{525C42A4-F0D7-42E0-A583-4EF6C324A21E}.int|Mixed Platforms.Build.0 = int|x86
		{525C42A4-F0D7-42E0-A583-4EF6C324A21E}.int|x86.ActiveCfg = int|x86
		{525C42A4-F0D7-42E0-A583-4EF6C324A21E}.int|x86.Build.0 = int|x86
		{525C42A4-F0D7-42E0-A583-4EF6C324A21E}.live|Any CPU.ActiveCfg = live|Any CPU
		{525C42A4-F0D7-42E0-A583-4EF6C324A21E}.live|Any CPU.Build.0 = live|Any CPU
		{525C42A4-F0D7-42E0-A583-4EF6C324A21E}.live|Mixed Platforms.ActiveCfg = live|x86
		{525C42A4-F0D7-42E0-A583-4EF6C324A21E}.live|Mixed Platforms.Build.0 = live|x86
		{525C42A4-F0D7-42E0-A583-4EF6C324A21E}.live|x86.ActiveCfg = live|x86
		{525C42A4-F0D7-42E0-A583-4EF6C324A21E}.live|x86.Build.0 = live|x86
		{525C42A4-F0D7-42E0-A583-4EF6C324A21E}.Release|Any CPU.ActiveCfg = Release|Any CPU
		{525C42A4-F0D7-42E0-A583-4EF6C324A21E}.Release|Any CPU.Build.0 = Release|Any CPU
		{525C42A4-F0D7-42E0-A583-4EF6C324A21E}.Release|Mixed Platforms.ActiveCfg = Release|Any CPU
		{525C42A4-F0D7-42E0-A583-4EF6C324A21E}.Release|Mixed Platforms.Build.0 = Release|Any CPU
		{525C42A4-F0D7-42E0-A583-4EF6C324A21E}.Release|x86.ActiveCfg = Release|x86
		{525C42A4-F0D7-42E0-A583-4EF6C324A21E}.Release|x86.Build.0 = Release|x86
		{525C42A4-F0D7-42E0-A583-4EF6C324A21E}.SIN-DEV|Any CPU.ActiveCfg = SIN-DEV|Any CPU
		{525C42A4-F0D7-42E0-A583-4EF6C324A21E}.SIN-DEV|Any CPU.Build.0 = SIN-DEV|Any CPU
		{525C42A4-F0D7-42E0-A583-4EF6C324A21E}.SIN-DEV|Mixed Platforms.ActiveCfg = SIN-DEV|x86
		{525C42A4-F0D7-42E0-A583-4EF6C324A21E}.SIN-DEV|Mixed Platforms.Build.0 = SIN-DEV|x86
		{525C42A4-F0D7-42E0-A583-4EF6C324A21E}.SIN-DEV|x86.ActiveCfg = SIN-DEV|x86
		{525C42A4-F0D7-42E0-A583-4EF6C324A21E}.SIN-DEV|x86.Build.0 = SIN-DEV|x86
		{525C42A4-F0D7-42E0-A583-4EF6C324A21E}.SIN-INT|Any CPU.ActiveCfg = SIN-INT|Any CPU
		{525C42A4-F0D7-42E0-A583-4EF6C324A21E}.SIN-INT|Any CPU.Build.0 = SIN-INT|Any CPU
		{525C42A4-F0D7-42E0-A583-4EF6C324A21E}.SIN-INT|Mixed Platforms.ActiveCfg = SIN-INT|x86
		{525C42A4-F0D7-42E0-A583-4EF6C324A21E}.SIN-INT|Mixed Platforms.Build.0 = SIN-INT|x86
		{525C42A4-F0D7-42E0-A583-4EF6C324A21E}.SIN-INT|x86.ActiveCfg = SIN-INT|x86
		{525C42A4-F0D7-42E0-A583-4EF6C324A21E}.SIN-INT|x86.Build.0 = SIN-INT|x86
		{525C42A4-F0D7-42E0-A583-4EF6C324A21E}.SIN-UAT|Any CPU.ActiveCfg = SIN-UAT|Any CPU
		{525C42A4-F0D7-42E0-A583-4EF6C324A21E}.SIN-UAT|Any CPU.Build.0 = SIN-UAT|Any CPU
		{525C42A4-F0D7-42E0-A583-4EF6C324A21E}.SIN-UAT|Mixed Platforms.ActiveCfg = SIN-UAT|x86
		{525C42A4-F0D7-42E0-A583-4EF6C324A21E}.SIN-UAT|Mixed Platforms.Build.0 = SIN-UAT|x86
		{525C42A4-F0D7-42E0-A583-4EF6C324A21E}.SIN-UAT|x86.ActiveCfg = SIN-UAT|x86
		{525C42A4-F0D7-42E0-A583-4EF6C324A21E}.SIN-UAT|x86.Build.0 = SIN-UAT|x86
		{525C42A4-F0D7-42E0-A583-4EF6C324A21E}.staging|Any CPU.ActiveCfg = staging|Any CPU
		{525C42A4-F0D7-42E0-A583-4EF6C324A21E}.staging|Any CPU.Build.0 = staging|Any CPU
		{525C42A4-F0D7-42E0-A583-4EF6C324A21E}.staging|Mixed Platforms.ActiveCfg = staging|x86
		{525C42A4-F0D7-42E0-A583-4EF6C324A21E}.staging|Mixed Platforms.Build.0 = staging|x86
		{525C42A4-F0D7-42E0-A583-4EF6C324A21E}.staging|x86.ActiveCfg = staging|x86
		{525C42A4-F0D7-42E0-A583-4EF6C324A21E}.staging|x86.Build.0 = staging|x86
		{525C42A4-F0D7-42E0-A583-4EF6C324A21E}.SYD-LIVE-WOW|Any CPU.ActiveCfg = SYD-LIVE-WOW|Any CPU
		{525C42A4-F0D7-42E0-A583-4EF6C324A21E}.SYD-LIVE-WOW|Any CPU.Build.0 = SYD-LIVE-WOW|Any CPU
		{525C42A4-F0D7-42E0-A583-4EF6C324A21E}.SYD-LIVE-WOW|Mixed Platforms.ActiveCfg = SYD-LIVE-WOW|x86
		{525C42A4-F0D7-42E0-A583-4EF6C324A21E}.SYD-LIVE-WOW|Mixed Platforms.Build.0 = SYD-LIVE-WOW|x86
		{525C42A4-F0D7-42E0-A583-4EF6C324A21E}.SYD-LIVE-WOW|x86.ActiveCfg = SYD-LIVE-WOW|x86
		{525C42A4-F0D7-42E0-A583-4EF6C324A21E}.SYD-LIVE-WOW|x86.Build.0 = SYD-LIVE-WOW|x86
		{525C42A4-F0D7-42E0-A583-4EF6C324A21E}.SYD-UAT-WOW|Any CPU.ActiveCfg = SYD-UAT-WOW|Any CPU
		{525C42A4-F0D7-42E0-A583-4EF6C324A21E}.SYD-UAT-WOW|Any CPU.Build.0 = SYD-UAT-WOW|Any CPU
		{525C42A4-F0D7-42E0-A583-4EF6C324A21E}.SYD-UAT-WOW|Mixed Platforms.ActiveCfg = SYD-UAT-WOW|x86
		{525C42A4-F0D7-42E0-A583-4EF6C324A21E}.SYD-UAT-WOW|Mixed Platforms.Build.0 = SYD-UAT-WOW|x86
		{525C42A4-F0D7-42E0-A583-4EF6C324A21E}.SYD-UAT-WOW|x86.ActiveCfg = SYD-UAT-WOW|x86
		{525C42A4-F0D7-42E0-A583-4EF6C324A21E}.SYD-UAT-WOW|x86.Build.0 = SYD-UAT-WOW|x86
		{525C42A4-F0D7-42E0-A583-4EF6C324A21E}.uat|Any CPU.ActiveCfg = uat|Any CPU
		{525C42A4-F0D7-42E0-A583-4EF6C324A21E}.uat|Any CPU.Build.0 = uat|Any CPU
		{525C42A4-F0D7-42E0-A583-4EF6C324A21E}.uat|Mixed Platforms.ActiveCfg = uat|x86
		{525C42A4-F0D7-42E0-A583-4EF6C324A21E}.uat|Mixed Platforms.Build.0 = uat|x86
		{525C42A4-F0D7-42E0-A583-4EF6C324A21E}.uat|x86.ActiveCfg = uat|x86
		{525C42A4-F0D7-42E0-A583-4EF6C324A21E}.uat|x86.Build.0 = uat|x86
		{A615579E-EAC8-4A1B-9E57-C02D0036E913}.Debug|Any CPU.ActiveCfg = Debug|Any CPU
		{A615579E-EAC8-4A1B-9E57-C02D0036E913}.Debug|Any CPU.Build.0 = Debug|Any CPU
		{A615579E-EAC8-4A1B-9E57-C02D0036E913}.Debug|Mixed Platforms.ActiveCfg = Debug|Any CPU
		{A615579E-EAC8-4A1B-9E57-C02D0036E913}.Debug|Mixed Platforms.Build.0 = Debug|Any CPU
		{A615579E-EAC8-4A1B-9E57-C02D0036E913}.Debug|x86.ActiveCfg = Debug|Any CPU
		{A615579E-EAC8-4A1B-9E57-C02D0036E913}.int|Any CPU.ActiveCfg = int|Any CPU
		{A615579E-EAC8-4A1B-9E57-C02D0036E913}.int|Any CPU.Build.0 = int|Any CPU
		{A615579E-EAC8-4A1B-9E57-C02D0036E913}.int|Mixed Platforms.ActiveCfg = int|Any CPU
		{A615579E-EAC8-4A1B-9E57-C02D0036E913}.int|Mixed Platforms.Build.0 = int|Any CPU
		{A615579E-EAC8-4A1B-9E57-C02D0036E913}.int|x86.ActiveCfg = int|Any CPU
		{A615579E-EAC8-4A1B-9E57-C02D0036E913}.live|Any CPU.ActiveCfg = SYD-UAT-WOW|Any CPU
		{A615579E-EAC8-4A1B-9E57-C02D0036E913}.live|Any CPU.Build.0 = SYD-UAT-WOW|Any CPU
		{A615579E-EAC8-4A1B-9E57-C02D0036E913}.live|Mixed Platforms.ActiveCfg = SYD-UAT-WOW|Any CPU
		{A615579E-EAC8-4A1B-9E57-C02D0036E913}.live|Mixed Platforms.Build.0 = SYD-UAT-WOW|Any CPU
		{A615579E-EAC8-4A1B-9E57-C02D0036E913}.live|x86.ActiveCfg = SYD-UAT-WOW|Any CPU
		{A615579E-EAC8-4A1B-9E57-C02D0036E913}.Release|Any CPU.ActiveCfg = Release|Any CPU
		{A615579E-EAC8-4A1B-9E57-C02D0036E913}.Release|Any CPU.Build.0 = Release|Any CPU
		{A615579E-EAC8-4A1B-9E57-C02D0036E913}.Release|Mixed Platforms.ActiveCfg = Release|Any CPU
		{A615579E-EAC8-4A1B-9E57-C02D0036E913}.Release|Mixed Platforms.Build.0 = Release|Any CPU
		{A615579E-EAC8-4A1B-9E57-C02D0036E913}.Release|x86.ActiveCfg = Release|Any CPU
		{A615579E-EAC8-4A1B-9E57-C02D0036E913}.SIN-DEV|Any CPU.ActiveCfg = SIN-DEV|Any CPU
		{A615579E-EAC8-4A1B-9E57-C02D0036E913}.SIN-DEV|Any CPU.Build.0 = SIN-DEV|Any CPU
		{A615579E-EAC8-4A1B-9E57-C02D0036E913}.SIN-DEV|Mixed Platforms.ActiveCfg = SIN-DEV|Any CPU
		{A615579E-EAC8-4A1B-9E57-C02D0036E913}.SIN-DEV|Mixed Platforms.Build.0 = SIN-DEV|Any CPU
		{A615579E-EAC8-4A1B-9E57-C02D0036E913}.SIN-DEV|x86.ActiveCfg = SIN-DEV|Any CPU
		{A615579E-EAC8-4A1B-9E57-C02D0036E913}.SIN-INT|Any CPU.ActiveCfg = SIN-INT|Any CPU
		{A615579E-EAC8-4A1B-9E57-C02D0036E913}.SIN-INT|Any CPU.Build.0 = SIN-INT|Any CPU
		{A615579E-EAC8-4A1B-9E57-C02D0036E913}.SIN-INT|Mixed Platforms.ActiveCfg = SIN-INT|Any CPU
		{A615579E-EAC8-4A1B-9E57-C02D0036E913}.SIN-INT|Mixed Platforms.Build.0 = SIN-INT|Any CPU
		{A615579E-EAC8-4A1B-9E57-C02D0036E913}.SIN-INT|x86.ActiveCfg = SIN-INT|Any CPU
		{A615579E-EAC8-4A1B-9E57-C02D0036E913}.SIN-UAT|Any CPU.ActiveCfg = SIN-UAT|Any CPU
		{A615579E-EAC8-4A1B-9E57-C02D0036E913}.SIN-UAT|Any CPU.Build.0 = SIN-UAT|Any CPU
		{A615579E-EAC8-4A1B-9E57-C02D0036E913}.SIN-UAT|Mixed Platforms.ActiveCfg = SIN-UAT|Any CPU
		{A615579E-EAC8-4A1B-9E57-C02D0036E913}.SIN-UAT|Mixed Platforms.Build.0 = SIN-UAT|Any CPU
		{A615579E-EAC8-4A1B-9E57-C02D0036E913}.SIN-UAT|x86.ActiveCfg = SIN-UAT|Any CPU
		{A615579E-EAC8-4A1B-9E57-C02D0036E913}.staging|Any CPU.ActiveCfg = SYD-UAT-WOW|Any CPU
		{A615579E-EAC8-4A1B-9E57-C02D0036E913}.staging|Any CPU.Build.0 = SYD-UAT-WOW|Any CPU
		{A615579E-EAC8-4A1B-9E57-C02D0036E913}.staging|Mixed Platforms.ActiveCfg = SYD-UAT-WOW|Any CPU
		{A615579E-EAC8-4A1B-9E57-C02D0036E913}.staging|Mixed Platforms.Build.0 = SYD-UAT-WOW|Any CPU
		{A615579E-EAC8-4A1B-9E57-C02D0036E913}.staging|x86.ActiveCfg = SYD-UAT-WOW|Any CPU
		{A615579E-EAC8-4A1B-9E57-C02D0036E913}.SYD-LIVE-WOW|Any CPU.ActiveCfg = SYD-LIVE-WOW|Any CPU
		{A615579E-EAC8-4A1B-9E57-C02D0036E913}.SYD-LIVE-WOW|Any CPU.Build.0 = SYD-LIVE-WOW|Any CPU
		{A615579E-EAC8-4A1B-9E57-C02D0036E913}.SYD-LIVE-WOW|Mixed Platforms.ActiveCfg = SYD-LIVE-WOW|Any CPU
		{A615579E-EAC8-4A1B-9E57-C02D0036E913}.SYD-LIVE-WOW|Mixed Platforms.Build.0 = SYD-LIVE-WOW|Any CPU
		{A615579E-EAC8-4A1B-9E57-C02D0036E913}.SYD-LIVE-WOW|x86.ActiveCfg = SYD-LIVE-WOW|Any CPU
		{A615579E-EAC8-4A1B-9E57-C02D0036E913}.SYD-UAT-WOW|Any CPU.ActiveCfg = SYD-UAT-WOW|Any CPU
		{A615579E-EAC8-4A1B-9E57-C02D0036E913}.SYD-UAT-WOW|Any CPU.Build.0 = SYD-UAT-WOW|Any CPU
		{A615579E-EAC8-4A1B-9E57-C02D0036E913}.SYD-UAT-WOW|Mixed Platforms.ActiveCfg = SYD-UAT-WOW|Any CPU
		{A615579E-EAC8-4A1B-9E57-C02D0036E913}.SYD-UAT-WOW|Mixed Platforms.Build.0 = SYD-UAT-WOW|Any CPU
		{A615579E-EAC8-4A1B-9E57-C02D0036E913}.SYD-UAT-WOW|x86.ActiveCfg = SYD-UAT-WOW|Any CPU
		{A615579E-EAC8-4A1B-9E57-C02D0036E913}.uat|Any CPU.ActiveCfg = uat|Any CPU
		{A615579E-EAC8-4A1B-9E57-C02D0036E913}.uat|Any CPU.Build.0 = uat|Any CPU
		{A615579E-EAC8-4A1B-9E57-C02D0036E913}.uat|Mixed Platforms.ActiveCfg = uat|Any CPU
		{A615579E-EAC8-4A1B-9E57-C02D0036E913}.uat|Mixed Platforms.Build.0 = uat|Any CPU
		{A615579E-EAC8-4A1B-9E57-C02D0036E913}.uat|x86.ActiveCfg = uat|Any CPU
		{504856A9-438C-4C8C-97E0-DAC243B2CA7C}.Debug|Any CPU.ActiveCfg = Debug|x86
		{504856A9-438C-4C8C-97E0-DAC243B2CA7C}.Debug|Mixed Platforms.ActiveCfg = Debug|x86
		{504856A9-438C-4C8C-97E0-DAC243B2CA7C}.Debug|Mixed Platforms.Build.0 = Debug|x86
		{504856A9-438C-4C8C-97E0-DAC243B2CA7C}.Debug|x86.ActiveCfg = Debug|x86
		{504856A9-438C-4C8C-97E0-DAC243B2CA7C}.Debug|x86.Build.0 = Debug|x86
		{504856A9-438C-4C8C-97E0-DAC243B2CA7C}.int|Any CPU.ActiveCfg = int|x86
		{504856A9-438C-4C8C-97E0-DAC243B2CA7C}.int|Mixed Platforms.ActiveCfg = int|x86
		{504856A9-438C-4C8C-97E0-DAC243B2CA7C}.int|Mixed Platforms.Build.0 = int|x86
		{504856A9-438C-4C8C-97E0-DAC243B2CA7C}.int|x86.ActiveCfg = int|x86
		{504856A9-438C-4C8C-97E0-DAC243B2CA7C}.int|x86.Build.0 = int|x86
		{504856A9-438C-4C8C-97E0-DAC243B2CA7C}.live|Any CPU.ActiveCfg = SYD-UAT-WOW|x86
		{504856A9-438C-4C8C-97E0-DAC243B2CA7C}.live|Mixed Platforms.ActiveCfg = SYD-UAT-WOW|x86
		{504856A9-438C-4C8C-97E0-DAC243B2CA7C}.live|Mixed Platforms.Build.0 = SYD-UAT-WOW|x86
		{504856A9-438C-4C8C-97E0-DAC243B2CA7C}.live|x86.ActiveCfg = SYD-UAT-WOW|x86
		{504856A9-438C-4C8C-97E0-DAC243B2CA7C}.live|x86.Build.0 = SYD-UAT-WOW|x86
		{504856A9-438C-4C8C-97E0-DAC243B2CA7C}.Release|Any CPU.ActiveCfg = Release|x86
		{504856A9-438C-4C8C-97E0-DAC243B2CA7C}.Release|Mixed Platforms.ActiveCfg = Release|x86
		{504856A9-438C-4C8C-97E0-DAC243B2CA7C}.Release|Mixed Platforms.Build.0 = Release|x86
		{504856A9-438C-4C8C-97E0-DAC243B2CA7C}.Release|x86.ActiveCfg = Release|x86
		{504856A9-438C-4C8C-97E0-DAC243B2CA7C}.Release|x86.Build.0 = Release|x86
		{504856A9-438C-4C8C-97E0-DAC243B2CA7C}.SIN-DEV|Any CPU.ActiveCfg = SIN-DEV|x86
		{504856A9-438C-4C8C-97E0-DAC243B2CA7C}.SIN-DEV|Mixed Platforms.ActiveCfg = SIN-DEV|x86
		{504856A9-438C-4C8C-97E0-DAC243B2CA7C}.SIN-DEV|Mixed Platforms.Build.0 = SIN-DEV|x86
		{504856A9-438C-4C8C-97E0-DAC243B2CA7C}.SIN-DEV|x86.ActiveCfg = SIN-DEV|x86
		{504856A9-438C-4C8C-97E0-DAC243B2CA7C}.SIN-DEV|x86.Build.0 = SIN-DEV|x86
		{504856A9-438C-4C8C-97E0-DAC243B2CA7C}.SIN-INT|Any CPU.ActiveCfg = SIN-INT|x86
		{504856A9-438C-4C8C-97E0-DAC243B2CA7C}.SIN-INT|Mixed Platforms.ActiveCfg = SIN-INT|x86
		{504856A9-438C-4C8C-97E0-DAC243B2CA7C}.SIN-INT|Mixed Platforms.Build.0 = SIN-INT|x86
		{504856A9-438C-4C8C-97E0-DAC243B2CA7C}.SIN-INT|x86.ActiveCfg = SIN-INT|x86
		{504856A9-438C-4C8C-97E0-DAC243B2CA7C}.SIN-INT|x86.Build.0 = SIN-INT|x86
		{504856A9-438C-4C8C-97E0-DAC243B2CA7C}.SIN-UAT|Any CPU.ActiveCfg = SIN-UAT|x86
		{504856A9-438C-4C8C-97E0-DAC243B2CA7C}.SIN-UAT|Mixed Platforms.ActiveCfg = SIN-UAT|x86
		{504856A9-438C-4C8C-97E0-DAC243B2CA7C}.SIN-UAT|Mixed Platforms.Build.0 = SIN-UAT|x86
		{504856A9-438C-4C8C-97E0-DAC243B2CA7C}.SIN-UAT|x86.ActiveCfg = SIN-UAT|x86
		{504856A9-438C-4C8C-97E0-DAC243B2CA7C}.SIN-UAT|x86.Build.0 = SIN-UAT|x86
		{504856A9-438C-4C8C-97E0-DAC243B2CA7C}.staging|Any CPU.ActiveCfg = SYD-UAT-WOW|x86
		{504856A9-438C-4C8C-97E0-DAC243B2CA7C}.staging|Mixed Platforms.ActiveCfg = SYD-UAT-WOW|x86
		{504856A9-438C-4C8C-97E0-DAC243B2CA7C}.staging|Mixed Platforms.Build.0 = SYD-UAT-WOW|x86
		{504856A9-438C-4C8C-97E0-DAC243B2CA7C}.staging|x86.ActiveCfg = SYD-UAT-WOW|x86
		{504856A9-438C-4C8C-97E0-DAC243B2CA7C}.staging|x86.Build.0 = SYD-UAT-WOW|x86
		{504856A9-438C-4C8C-97E0-DAC243B2CA7C}.SYD-LIVE-WOW|Any CPU.ActiveCfg = SYD-LIVE-WOW|x86
		{504856A9-438C-4C8C-97E0-DAC243B2CA7C}.SYD-LIVE-WOW|Mixed Platforms.ActiveCfg = SYD-LIVE-WOW|x86
		{504856A9-438C-4C8C-97E0-DAC243B2CA7C}.SYD-LIVE-WOW|Mixed Platforms.Build.0 = SYD-LIVE-WOW|x86
		{504856A9-438C-4C8C-97E0-DAC243B2CA7C}.SYD-LIVE-WOW|x86.ActiveCfg = SYD-LIVE-WOW|x86
		{504856A9-438C-4C8C-97E0-DAC243B2CA7C}.SYD-LIVE-WOW|x86.Build.0 = SYD-LIVE-WOW|x86
		{504856A9-438C-4C8C-97E0-DAC243B2CA7C}.SYD-UAT-WOW|Any CPU.ActiveCfg = SYD-UAT-WOW|x86
		{504856A9-438C-4C8C-97E0-DAC243B2CA7C}.SYD-UAT-WOW|Mixed Platforms.ActiveCfg = SYD-UAT-WOW|x86
		{504856A9-438C-4C8C-97E0-DAC243B2CA7C}.SYD-UAT-WOW|Mixed Platforms.Build.0 = SYD-UAT-WOW|x86
		{504856A9-438C-4C8C-97E0-DAC243B2CA7C}.SYD-UAT-WOW|x86.ActiveCfg = SYD-UAT-WOW|x86
		{504856A9-438C-4C8C-97E0-DAC243B2CA7C}.SYD-UAT-WOW|x86.Build.0 = SYD-UAT-WOW|x86
		{504856A9-438C-4C8C-97E0-DAC243B2CA7C}.uat|Any CPU.ActiveCfg = uat|x86
		{504856A9-438C-4C8C-97E0-DAC243B2CA7C}.uat|Mixed Platforms.ActiveCfg = uat|x86
		{504856A9-438C-4C8C-97E0-DAC243B2CA7C}.uat|Mixed Platforms.Build.0 = uat|x86
		{504856A9-438C-4C8C-97E0-DAC243B2CA7C}.uat|x86.ActiveCfg = uat|x86
		{504856A9-438C-4C8C-97E0-DAC243B2CA7C}.uat|x86.Build.0 = uat|x86
		{16B5A25F-CE3E-4016-9AF7-3FD2D2E15EE8}.Debug|Any CPU.ActiveCfg = Debug|x86
		{16B5A25F-CE3E-4016-9AF7-3FD2D2E15EE8}.Debug|Mixed Platforms.ActiveCfg = Debug|x86
		{16B5A25F-CE3E-4016-9AF7-3FD2D2E15EE8}.Debug|Mixed Platforms.Build.0 = Debug|x86
		{16B5A25F-CE3E-4016-9AF7-3FD2D2E15EE8}.Debug|x86.ActiveCfg = Debug|x86
		{16B5A25F-CE3E-4016-9AF7-3FD2D2E15EE8}.Debug|x86.Build.0 = Debug|x86
		{16B5A25F-CE3E-4016-9AF7-3FD2D2E15EE8}.int|Any CPU.ActiveCfg = int|x86
		{16B5A25F-CE3E-4016-9AF7-3FD2D2E15EE8}.int|Mixed Platforms.ActiveCfg = int|x86
		{16B5A25F-CE3E-4016-9AF7-3FD2D2E15EE8}.int|Mixed Platforms.Build.0 = int|x86
		{16B5A25F-CE3E-4016-9AF7-3FD2D2E15EE8}.int|x86.ActiveCfg = int|x86
		{16B5A25F-CE3E-4016-9AF7-3FD2D2E15EE8}.int|x86.Build.0 = int|x86
		{16B5A25F-CE3E-4016-9AF7-3FD2D2E15EE8}.live|Any CPU.ActiveCfg = SYD-UAT-WOW|x86
		{16B5A25F-CE3E-4016-9AF7-3FD2D2E15EE8}.live|Mixed Platforms.ActiveCfg = SYD-UAT-WOW|x86
		{16B5A25F-CE3E-4016-9AF7-3FD2D2E15EE8}.live|Mixed Platforms.Build.0 = SYD-UAT-WOW|x86
		{16B5A25F-CE3E-4016-9AF7-3FD2D2E15EE8}.live|x86.ActiveCfg = SYD-UAT-WOW|x86
		{16B5A25F-CE3E-4016-9AF7-3FD2D2E15EE8}.live|x86.Build.0 = SYD-UAT-WOW|x86
		{16B5A25F-CE3E-4016-9AF7-3FD2D2E15EE8}.Release|Any CPU.ActiveCfg = Release|x86
		{16B5A25F-CE3E-4016-9AF7-3FD2D2E15EE8}.Release|Mixed Platforms.ActiveCfg = Release|x86
		{16B5A25F-CE3E-4016-9AF7-3FD2D2E15EE8}.Release|Mixed Platforms.Build.0 = Release|x86
		{16B5A25F-CE3E-4016-9AF7-3FD2D2E15EE8}.Release|x86.ActiveCfg = Release|x86
		{16B5A25F-CE3E-4016-9AF7-3FD2D2E15EE8}.Release|x86.Build.0 = Release|x86
		{16B5A25F-CE3E-4016-9AF7-3FD2D2E15EE8}.SIN-DEV|Any CPU.ActiveCfg = SIN-DEV|x86
		{16B5A25F-CE3E-4016-9AF7-3FD2D2E15EE8}.SIN-DEV|Mixed Platforms.ActiveCfg = SIN-DEV|x86
		{16B5A25F-CE3E-4016-9AF7-3FD2D2E15EE8}.SIN-DEV|Mixed Platforms.Build.0 = SIN-DEV|x86
		{16B5A25F-CE3E-4016-9AF7-3FD2D2E15EE8}.SIN-DEV|x86.ActiveCfg = SIN-DEV|x86
		{16B5A25F-CE3E-4016-9AF7-3FD2D2E15EE8}.SIN-DEV|x86.Build.0 = SIN-DEV|x86
		{16B5A25F-CE3E-4016-9AF7-3FD2D2E15EE8}.SIN-INT|Any CPU.ActiveCfg = SIN-INT|x86
		{16B5A25F-CE3E-4016-9AF7-3FD2D2E15EE8}.SIN-INT|Mixed Platforms.ActiveCfg = SIN-INT|x86
		{16B5A25F-CE3E-4016-9AF7-3FD2D2E15EE8}.SIN-INT|Mixed Platforms.Build.0 = SIN-INT|x86
		{16B5A25F-CE3E-4016-9AF7-3FD2D2E15EE8}.SIN-INT|x86.ActiveCfg = SIN-INT|x86
		{16B5A25F-CE3E-4016-9AF7-3FD2D2E15EE8}.SIN-INT|x86.Build.0 = SIN-INT|x86
		{16B5A25F-CE3E-4016-9AF7-3FD2D2E15EE8}.SIN-UAT|Any CPU.ActiveCfg = SIN-UAT|x86
		{16B5A25F-CE3E-4016-9AF7-3FD2D2E15EE8}.SIN-UAT|Mixed Platforms.ActiveCfg = SIN-UAT|x86
		{16B5A25F-CE3E-4016-9AF7-3FD2D2E15EE8}.SIN-UAT|Mixed Platforms.Build.0 = SIN-UAT|x86
		{16B5A25F-CE3E-4016-9AF7-3FD2D2E15EE8}.SIN-UAT|x86.ActiveCfg = SIN-UAT|x86
		{16B5A25F-CE3E-4016-9AF7-3FD2D2E15EE8}.SIN-UAT|x86.Build.0 = SIN-UAT|x86
		{16B5A25F-CE3E-4016-9AF7-3FD2D2E15EE8}.staging|Any CPU.ActiveCfg = SYD-UAT-WOW|x86
		{16B5A25F-CE3E-4016-9AF7-3FD2D2E15EE8}.staging|Mixed Platforms.ActiveCfg = SYD-UAT-WOW|x86
		{16B5A25F-CE3E-4016-9AF7-3FD2D2E15EE8}.staging|Mixed Platforms.Build.0 = SYD-UAT-WOW|x86
		{16B5A25F-CE3E-4016-9AF7-3FD2D2E15EE8}.staging|x86.ActiveCfg = SYD-UAT-WOW|x86
		{16B5A25F-CE3E-4016-9AF7-3FD2D2E15EE8}.staging|x86.Build.0 = SYD-UAT-WOW|x86
		{16B5A25F-CE3E-4016-9AF7-3FD2D2E15EE8}.SYD-LIVE-WOW|Any CPU.ActiveCfg = SYD-LIVE-WOW|x86
		{16B5A25F-CE3E-4016-9AF7-3FD2D2E15EE8}.SYD-LIVE-WOW|Mixed Platforms.ActiveCfg = SYD-LIVE-WOW|x86
		{16B5A25F-CE3E-4016-9AF7-3FD2D2E15EE8}.SYD-LIVE-WOW|Mixed Platforms.Build.0 = SYD-LIVE-WOW|x86
		{16B5A25F-CE3E-4016-9AF7-3FD2D2E15EE8}.SYD-LIVE-WOW|x86.ActiveCfg = SYD-LIVE-WOW|x86
		{16B5A25F-CE3E-4016-9AF7-3FD2D2E15EE8}.SYD-LIVE-WOW|x86.Build.0 = SYD-LIVE-WOW|x86
		{16B5A25F-CE3E-4016-9AF7-3FD2D2E15EE8}.SYD-UAT-WOW|Any CPU.ActiveCfg = SYD-UAT-WOW|x86
		{16B5A25F-CE3E-4016-9AF7-3FD2D2E15EE8}.SYD-UAT-WOW|Mixed Platforms.ActiveCfg = SYD-UAT-WOW|x86
		{16B5A25F-CE3E-4016-9AF7-3FD2D2E15EE8}.SYD-UAT-WOW|Mixed Platforms.Build.0 = SYD-UAT-WOW|x86
		{16B5A25F-CE3E-4016-9AF7-3FD2D2E15EE8}.SYD-UAT-WOW|x86.ActiveCfg = SYD-UAT-WOW|x86
		{16B5A25F-CE3E-4016-9AF7-3FD2D2E15EE8}.SYD-UAT-WOW|x86.Build.0 = SYD-UAT-WOW|x86
		{16B5A25F-CE3E-4016-9AF7-3FD2D2E15EE8}.uat|Any CPU.ActiveCfg = uat|x86
		{16B5A25F-CE3E-4016-9AF7-3FD2D2E15EE8}.uat|Mixed Platforms.ActiveCfg = uat|x86
		{16B5A25F-CE3E-4016-9AF7-3FD2D2E15EE8}.uat|Mixed Platforms.Build.0 = uat|x86
		{16B5A25F-CE3E-4016-9AF7-3FD2D2E15EE8}.uat|x86.ActiveCfg = uat|x86
		{16B5A25F-CE3E-4016-9AF7-3FD2D2E15EE8}.uat|x86.Build.0 = uat|x86
		{4AA2FC68-024F-4FF8-AEE7-542A090D2856}.Debug|Any CPU.ActiveCfg = Debug|x86
		{4AA2FC68-024F-4FF8-AEE7-542A090D2856}.Debug|Mixed Platforms.ActiveCfg = Debug|x86
		{4AA2FC68-024F-4FF8-AEE7-542A090D2856}.Debug|Mixed Platforms.Build.0 = Debug|x86
		{4AA2FC68-024F-4FF8-AEE7-542A090D2856}.Debug|x86.ActiveCfg = Debug|x86
		{4AA2FC68-024F-4FF8-AEE7-542A090D2856}.Debug|x86.Build.0 = Debug|x86
		{4AA2FC68-024F-4FF8-AEE7-542A090D2856}.int|Any CPU.ActiveCfg = int|x86
		{4AA2FC68-024F-4FF8-AEE7-542A090D2856}.int|Mixed Platforms.ActiveCfg = int|x86
		{4AA2FC68-024F-4FF8-AEE7-542A090D2856}.int|Mixed Platforms.Build.0 = int|x86
		{4AA2FC68-024F-4FF8-AEE7-542A090D2856}.int|x86.ActiveCfg = int|x86
		{4AA2FC68-024F-4FF8-AEE7-542A090D2856}.int|x86.Build.0 = int|x86
		{4AA2FC68-024F-4FF8-AEE7-542A090D2856}.live|Any CPU.ActiveCfg = SYD-UAT-WOW|x86
		{4AA2FC68-024F-4FF8-AEE7-542A090D2856}.live|Mixed Platforms.ActiveCfg = SYD-UAT-WOW|x86
		{4AA2FC68-024F-4FF8-AEE7-542A090D2856}.live|Mixed Platforms.Build.0 = SYD-UAT-WOW|x86
		{4AA2FC68-024F-4FF8-AEE7-542A090D2856}.live|x86.ActiveCfg = SYD-UAT-WOW|x86
		{4AA2FC68-024F-4FF8-AEE7-542A090D2856}.live|x86.Build.0 = SYD-UAT-WOW|x86
		{4AA2FC68-024F-4FF8-AEE7-542A090D2856}.Release|Any CPU.ActiveCfg = Release|x86
		{4AA2FC68-024F-4FF8-AEE7-542A090D2856}.Release|Mixed Platforms.ActiveCfg = Release|x86
		{4AA2FC68-024F-4FF8-AEE7-542A090D2856}.Release|Mixed Platforms.Build.0 = Release|x86
		{4AA2FC68-024F-4FF8-AEE7-542A090D2856}.Release|x86.ActiveCfg = Release|x86
		{4AA2FC68-024F-4FF8-AEE7-542A090D2856}.Release|x86.Build.0 = Release|x86
		{4AA2FC68-024F-4FF8-AEE7-542A090D2856}.SIN-DEV|Any CPU.ActiveCfg = SIN-DEV|x86
		{4AA2FC68-024F-4FF8-AEE7-542A090D2856}.SIN-DEV|Mixed Platforms.ActiveCfg = SIN-DEV|x86
		{4AA2FC68-024F-4FF8-AEE7-542A090D2856}.SIN-DEV|Mixed Platforms.Build.0 = SIN-DEV|x86
		{4AA2FC68-024F-4FF8-AEE7-542A090D2856}.SIN-DEV|x86.ActiveCfg = SIN-DEV|x86
		{4AA2FC68-024F-4FF8-AEE7-542A090D2856}.SIN-DEV|x86.Build.0 = SIN-DEV|x86
		{4AA2FC68-024F-4FF8-AEE7-542A090D2856}.SIN-INT|Any CPU.ActiveCfg = SIN-INT|x86
		{4AA2FC68-024F-4FF8-AEE7-542A090D2856}.SIN-INT|Mixed Platforms.ActiveCfg = SIN-INT|x86
		{4AA2FC68-024F-4FF8-AEE7-542A090D2856}.SIN-INT|Mixed Platforms.Build.0 = SIN-INT|x86
		{4AA2FC68-024F-4FF8-AEE7-542A090D2856}.SIN-INT|x86.ActiveCfg = SIN-INT|x86
		{4AA2FC68-024F-4FF8-AEE7-542A090D2856}.SIN-INT|x86.Build.0 = SIN-INT|x86
		{4AA2FC68-024F-4FF8-AEE7-542A090D2856}.SIN-UAT|Any CPU.ActiveCfg = SIN-UAT|x86
		{4AA2FC68-024F-4FF8-AEE7-542A090D2856}.SIN-UAT|Mixed Platforms.ActiveCfg = SIN-UAT|x86
		{4AA2FC68-024F-4FF8-AEE7-542A090D2856}.SIN-UAT|Mixed Platforms.Build.0 = SIN-UAT|x86
		{4AA2FC68-024F-4FF8-AEE7-542A090D2856}.SIN-UAT|x86.ActiveCfg = SIN-UAT|x86
		{4AA2FC68-024F-4FF8-AEE7-542A090D2856}.SIN-UAT|x86.Build.0 = SIN-UAT|x86
		{4AA2FC68-024F-4FF8-AEE7-542A090D2856}.staging|Any CPU.ActiveCfg = SYD-UAT-WOW|x86
		{4AA2FC68-024F-4FF8-AEE7-542A090D2856}.staging|Mixed Platforms.ActiveCfg = SYD-UAT-WOW|x86
		{4AA2FC68-024F-4FF8-AEE7-542A090D2856}.staging|Mixed Platforms.Build.0 = SYD-UAT-WOW|x86
		{4AA2FC68-024F-4FF8-AEE7-542A090D2856}.staging|x86.ActiveCfg = SYD-UAT-WOW|x86
		{4AA2FC68-024F-4FF8-AEE7-542A090D2856}.staging|x86.Build.0 = SYD-UAT-WOW|x86
		{4AA2FC68-024F-4FF8-AEE7-542A090D2856}.SYD-LIVE-WOW|Any CPU.ActiveCfg = SYD-LIVE-WOW|x86
		{4AA2FC68-024F-4FF8-AEE7-542A090D2856}.SYD-LIVE-WOW|Mixed Platforms.ActiveCfg = SYD-LIVE-WOW|x86
		{4AA2FC68-024F-4FF8-AEE7-542A090D2856}.SYD-LIVE-WOW|Mixed Platforms.Build.0 = SYD-LIVE-WOW|x86
		{4AA2FC68-024F-4FF8-AEE7-542A090D2856}.SYD-LIVE-WOW|x86.ActiveCfg = SYD-LIVE-WOW|x86
		{4AA2FC68-024F-4FF8-AEE7-542A090D2856}.SYD-LIVE-WOW|x86.Build.0 = SYD-LIVE-WOW|x86
		{4AA2FC68-024F-4FF8-AEE7-542A090D2856}.SYD-UAT-WOW|Any CPU.ActiveCfg = SYD-UAT-WOW|x86
		{4AA2FC68-024F-4FF8-AEE7-542A090D2856}.SYD-UAT-WOW|Mixed Platforms.ActiveCfg = SYD-UAT-WOW|x86
		{4AA2FC68-024F-4FF8-AEE7-542A090D2856}.SYD-UAT-WOW|Mixed Platforms.Build.0 = SYD-UAT-WOW|x86
		{4AA2FC68-024F-4FF8-AEE7-542A090D2856}.SYD-UAT-WOW|x86.ActiveCfg = SYD-UAT-WOW|x86
		{4AA2FC68-024F-4FF8-AEE7-542A090D2856}.SYD-UAT-WOW|x86.Build.0 = SYD-UAT-WOW|x86
		{4AA2FC68-024F-4FF8-AEE7-542A090D2856}.uat|Any CPU.ActiveCfg = uat|x86
		{4AA2FC68-024F-4FF8-AEE7-542A090D2856}.uat|Mixed Platforms.ActiveCfg = uat|x86
		{4AA2FC68-024F-4FF8-AEE7-542A090D2856}.uat|Mixed Platforms.Build.0 = uat|x86
		{4AA2FC68-024F-4FF8-AEE7-542A090D2856}.uat|x86.ActiveCfg = uat|x86
		{4AA2FC68-024F-4FF8-AEE7-542A090D2856}.uat|x86.Build.0 = uat|x86
		{9766EA0D-ECEA-4ECC-B6B8-302BDCBAC1F8}.Debug|Any CPU.ActiveCfg = Debug|x86
		{9766EA0D-ECEA-4ECC-B6B8-302BDCBAC1F8}.Debug|Mixed Platforms.ActiveCfg = Debug|x86
		{9766EA0D-ECEA-4ECC-B6B8-302BDCBAC1F8}.Debug|Mixed Platforms.Build.0 = Debug|x86
		{9766EA0D-ECEA-4ECC-B6B8-302BDCBAC1F8}.Debug|x86.ActiveCfg = Debug|x86
		{9766EA0D-ECEA-4ECC-B6B8-302BDCBAC1F8}.Debug|x86.Build.0 = Debug|x86
		{9766EA0D-ECEA-4ECC-B6B8-302BDCBAC1F8}.int|Any CPU.ActiveCfg = int|x86
		{9766EA0D-ECEA-4ECC-B6B8-302BDCBAC1F8}.int|Mixed Platforms.ActiveCfg = int|x86
		{9766EA0D-ECEA-4ECC-B6B8-302BDCBAC1F8}.int|Mixed Platforms.Build.0 = int|x86
		{9766EA0D-ECEA-4ECC-B6B8-302BDCBAC1F8}.int|x86.ActiveCfg = int|x86
		{9766EA0D-ECEA-4ECC-B6B8-302BDCBAC1F8}.int|x86.Build.0 = int|x86
		{9766EA0D-ECEA-4ECC-B6B8-302BDCBAC1F8}.live|Any CPU.ActiveCfg = SYD-UAT-WOW|x86
		{9766EA0D-ECEA-4ECC-B6B8-302BDCBAC1F8}.live|Mixed Platforms.ActiveCfg = SYD-UAT-WOW|x86
		{9766EA0D-ECEA-4ECC-B6B8-302BDCBAC1F8}.live|Mixed Platforms.Build.0 = SYD-UAT-WOW|x86
		{9766EA0D-ECEA-4ECC-B6B8-302BDCBAC1F8}.live|x86.ActiveCfg = SYD-UAT-WOW|x86
		{9766EA0D-ECEA-4ECC-B6B8-302BDCBAC1F8}.live|x86.Build.0 = SYD-UAT-WOW|x86
		{9766EA0D-ECEA-4ECC-B6B8-302BDCBAC1F8}.Release|Any CPU.ActiveCfg = Release|x86
		{9766EA0D-ECEA-4ECC-B6B8-302BDCBAC1F8}.Release|Mixed Platforms.ActiveCfg = Release|x86
		{9766EA0D-ECEA-4ECC-B6B8-302BDCBAC1F8}.Release|Mixed Platforms.Build.0 = Release|x86
		{9766EA0D-ECEA-4ECC-B6B8-302BDCBAC1F8}.Release|x86.ActiveCfg = Release|x86
		{9766EA0D-ECEA-4ECC-B6B8-302BDCBAC1F8}.Release|x86.Build.0 = Release|x86
		{9766EA0D-ECEA-4ECC-B6B8-302BDCBAC1F8}.SIN-DEV|Any CPU.ActiveCfg = SIN-DEV|x86
		{9766EA0D-ECEA-4ECC-B6B8-302BDCBAC1F8}.SIN-DEV|Mixed Platforms.ActiveCfg = SIN-DEV|x86
		{9766EA0D-ECEA-4ECC-B6B8-302BDCBAC1F8}.SIN-DEV|Mixed Platforms.Build.0 = SIN-DEV|x86
		{9766EA0D-ECEA-4ECC-B6B8-302BDCBAC1F8}.SIN-DEV|x86.ActiveCfg = SIN-DEV|x86
		{9766EA0D-ECEA-4ECC-B6B8-302BDCBAC1F8}.SIN-DEV|x86.Build.0 = SIN-DEV|x86
		{9766EA0D-ECEA-4ECC-B6B8-302BDCBAC1F8}.SIN-INT|Any CPU.ActiveCfg = SIN-INT|x86
		{9766EA0D-ECEA-4ECC-B6B8-302BDCBAC1F8}.SIN-INT|Mixed Platforms.ActiveCfg = SIN-INT|x86
		{9766EA0D-ECEA-4ECC-B6B8-302BDCBAC1F8}.SIN-INT|Mixed Platforms.Build.0 = SIN-INT|x86
		{9766EA0D-ECEA-4ECC-B6B8-302BDCBAC1F8}.SIN-INT|x86.ActiveCfg = SIN-INT|x86
		{9766EA0D-ECEA-4ECC-B6B8-302BDCBAC1F8}.SIN-INT|x86.Build.0 = SIN-INT|x86
		{9766EA0D-ECEA-4ECC-B6B8-302BDCBAC1F8}.SIN-UAT|Any CPU.ActiveCfg = SIN-UAT|x86
		{9766EA0D-ECEA-4ECC-B6B8-302BDCBAC1F8}.SIN-UAT|Mixed Platforms.ActiveCfg = SIN-UAT|x86
		{9766EA0D-ECEA-4ECC-B6B8-302BDCBAC1F8}.SIN-UAT|Mixed Platforms.Build.0 = SIN-UAT|x86
		{9766EA0D-ECEA-4ECC-B6B8-302BDCBAC1F8}.SIN-UAT|x86.ActiveCfg = SIN-UAT|x86
		{9766EA0D-ECEA-4ECC-B6B8-302BDCBAC1F8}.SIN-UAT|x86.Build.0 = SIN-UAT|x86
		{9766EA0D-ECEA-4ECC-B6B8-302BDCBAC1F8}.staging|Any CPU.ActiveCfg = SYD-UAT-WOW|x86
		{9766EA0D-ECEA-4ECC-B6B8-302BDCBAC1F8}.staging|Mixed Platforms.ActiveCfg = SYD-UAT-WOW|x86
		{9766EA0D-ECEA-4ECC-B6B8-302BDCBAC1F8}.staging|Mixed Platforms.Build.0 = SYD-UAT-WOW|x86
		{9766EA0D-ECEA-4ECC-B6B8-302BDCBAC1F8}.staging|x86.ActiveCfg = SYD-UAT-WOW|x86
		{9766EA0D-ECEA-4ECC-B6B8-302BDCBAC1F8}.staging|x86.Build.0 = SYD-UAT-WOW|x86
		{9766EA0D-ECEA-4ECC-B6B8-302BDCBAC1F8}.SYD-LIVE-WOW|Any CPU.ActiveCfg = SYD-LIVE-WOW|x86
		{9766EA0D-ECEA-4ECC-B6B8-302BDCBAC1F8}.SYD-LIVE-WOW|Mixed Platforms.ActiveCfg = SYD-LIVE-WOW|x86
		{9766EA0D-ECEA-4ECC-B6B8-302BDCBAC1F8}.SYD-LIVE-WOW|Mixed Platforms.Build.0 = SYD-LIVE-WOW|x86
		{9766EA0D-ECEA-4ECC-B6B8-302BDCBAC1F8}.SYD-LIVE-WOW|x86.ActiveCfg = SYD-LIVE-WOW|x86
		{9766EA0D-ECEA-4ECC-B6B8-302BDCBAC1F8}.SYD-LIVE-WOW|x86.Build.0 = SYD-LIVE-WOW|x86
		{9766EA0D-ECEA-4ECC-B6B8-302BDCBAC1F8}.SYD-UAT-WOW|Any CPU.ActiveCfg = SYD-UAT-WOW|x86
		{9766EA0D-ECEA-4ECC-B6B8-302BDCBAC1F8}.SYD-UAT-WOW|Mixed Platforms.ActiveCfg = SYD-UAT-WOW|x86
		{9766EA0D-ECEA-4ECC-B6B8-302BDCBAC1F8}.SYD-UAT-WOW|Mixed Platforms.Build.0 = SYD-UAT-WOW|x86
		{9766EA0D-ECEA-4ECC-B6B8-302BDCBAC1F8}.SYD-UAT-WOW|x86.ActiveCfg = SYD-UAT-WOW|x86
		{9766EA0D-ECEA-4ECC-B6B8-302BDCBAC1F8}.SYD-UAT-WOW|x86.Build.0 = SYD-UAT-WOW|x86
		{9766EA0D-ECEA-4ECC-B6B8-302BDCBAC1F8}.uat|Any CPU.ActiveCfg = uat|x86
		{9766EA0D-ECEA-4ECC-B6B8-302BDCBAC1F8}.uat|Mixed Platforms.ActiveCfg = uat|x86
		{9766EA0D-ECEA-4ECC-B6B8-302BDCBAC1F8}.uat|Mixed Platforms.Build.0 = uat|x86
		{9766EA0D-ECEA-4ECC-B6B8-302BDCBAC1F8}.uat|x86.ActiveCfg = uat|x86
		{9766EA0D-ECEA-4ECC-B6B8-302BDCBAC1F8}.uat|x86.Build.0 = uat|x86
		{7B365497-74DD-4D9D-AE4D-8626E019BCFC}.Debug|Any CPU.ActiveCfg = Debug|x86
		{7B365497-74DD-4D9D-AE4D-8626E019BCFC}.Debug|Mixed Platforms.ActiveCfg = Debug|x86
		{7B365497-74DD-4D9D-AE4D-8626E019BCFC}.Debug|Mixed Platforms.Build.0 = Debug|x86
		{7B365497-74DD-4D9D-AE4D-8626E019BCFC}.Debug|x86.ActiveCfg = Debug|x86
		{7B365497-74DD-4D9D-AE4D-8626E019BCFC}.Debug|x86.Build.0 = Debug|x86
		{7B365497-74DD-4D9D-AE4D-8626E019BCFC}.int|Any CPU.ActiveCfg = int|x86
		{7B365497-74DD-4D9D-AE4D-8626E019BCFC}.int|Mixed Platforms.ActiveCfg = int|x86
		{7B365497-74DD-4D9D-AE4D-8626E019BCFC}.int|Mixed Platforms.Build.0 = int|x86
		{7B365497-74DD-4D9D-AE4D-8626E019BCFC}.int|x86.ActiveCfg = int|x86
		{7B365497-74DD-4D9D-AE4D-8626E019BCFC}.int|x86.Build.0 = int|x86
		{7B365497-74DD-4D9D-AE4D-8626E019BCFC}.live|Any CPU.ActiveCfg = SYD-UAT-WOW|x86
		{7B365497-74DD-4D9D-AE4D-8626E019BCFC}.live|Mixed Platforms.ActiveCfg = SYD-UAT-WOW|x86
		{7B365497-74DD-4D9D-AE4D-8626E019BCFC}.live|Mixed Platforms.Build.0 = SYD-UAT-WOW|x86
		{7B365497-74DD-4D9D-AE4D-8626E019BCFC}.live|x86.ActiveCfg = SYD-UAT-WOW|x86
		{7B365497-74DD-4D9D-AE4D-8626E019BCFC}.live|x86.Build.0 = SYD-UAT-WOW|x86
		{7B365497-74DD-4D9D-AE4D-8626E019BCFC}.Release|Any CPU.ActiveCfg = Release|x86
		{7B365497-74DD-4D9D-AE4D-8626E019BCFC}.Release|Mixed Platforms.ActiveCfg = Release|x86
		{7B365497-74DD-4D9D-AE4D-8626E019BCFC}.Release|Mixed Platforms.Build.0 = Release|x86
		{7B365497-74DD-4D9D-AE4D-8626E019BCFC}.Release|x86.ActiveCfg = Release|x86
		{7B365497-74DD-4D9D-AE4D-8626E019BCFC}.Release|x86.Build.0 = Release|x86
		{7B365497-74DD-4D9D-AE4D-8626E019BCFC}.SIN-DEV|Any CPU.ActiveCfg = SIN-DEV|x86
		{7B365497-74DD-4D9D-AE4D-8626E019BCFC}.SIN-DEV|Mixed Platforms.ActiveCfg = SIN-DEV|x86
		{7B365497-74DD-4D9D-AE4D-8626E019BCFC}.SIN-DEV|Mixed Platforms.Build.0 = SIN-DEV|x86
		{7B365497-74DD-4D9D-AE4D-8626E019BCFC}.SIN-DEV|x86.ActiveCfg = SIN-DEV|x86
		{7B365497-74DD-4D9D-AE4D-8626E019BCFC}.SIN-DEV|x86.Build.0 = SIN-DEV|x86
		{7B365497-74DD-4D9D-AE4D-8626E019BCFC}.SIN-INT|Any CPU.ActiveCfg = SIN-INT|x86
		{7B365497-74DD-4D9D-AE4D-8626E019BCFC}.SIN-INT|Mixed Platforms.ActiveCfg = SIN-INT|x86
		{7B365497-74DD-4D9D-AE4D-8626E019BCFC}.SIN-INT|Mixed Platforms.Build.0 = SIN-INT|x86
		{7B365497-74DD-4D9D-AE4D-8626E019BCFC}.SIN-INT|x86.ActiveCfg = SIN-INT|x86
		{7B365497-74DD-4D9D-AE4D-8626E019BCFC}.SIN-INT|x86.Build.0 = SIN-INT|x86
		{7B365497-74DD-4D9D-AE4D-8626E019BCFC}.SIN-UAT|Any CPU.ActiveCfg = SIN-UAT|x86
		{7B365497-74DD-4D9D-AE4D-8626E019BCFC}.SIN-UAT|Mixed Platforms.ActiveCfg = SIN-UAT|x86
		{7B365497-74DD-4D9D-AE4D-8626E019BCFC}.SIN-UAT|Mixed Platforms.Build.0 = SIN-UAT|x86
		{7B365497-74DD-4D9D-AE4D-8626E019BCFC}.SIN-UAT|x86.ActiveCfg = SIN-UAT|x86
		{7B365497-74DD-4D9D-AE4D-8626E019BCFC}.SIN-UAT|x86.Build.0 = SIN-UAT|x86
		{7B365497-74DD-4D9D-AE4D-8626E019BCFC}.staging|Any CPU.ActiveCfg = SYD-UAT-WOW|x86
		{7B365497-74DD-4D9D-AE4D-8626E019BCFC}.staging|Mixed Platforms.ActiveCfg = SYD-UAT-WOW|x86
		{7B365497-74DD-4D9D-AE4D-8626E019BCFC}.staging|Mixed Platforms.Build.0 = SYD-UAT-WOW|x86
		{7B365497-74DD-4D9D-AE4D-8626E019BCFC}.staging|x86.ActiveCfg = SYD-UAT-WOW|x86
		{7B365497-74DD-4D9D-AE4D-8626E019BCFC}.staging|x86.Build.0 = SYD-UAT-WOW|x86
		{7B365497-74DD-4D9D-AE4D-8626E019BCFC}.SYD-LIVE-WOW|Any CPU.ActiveCfg = SYD-LIVE-WOW|x86
		{7B365497-74DD-4D9D-AE4D-8626E019BCFC}.SYD-LIVE-WOW|Mixed Platforms.ActiveCfg = SYD-LIVE-WOW|x86
		{7B365497-74DD-4D9D-AE4D-8626E019BCFC}.SYD-LIVE-WOW|Mixed Platforms.Build.0 = SYD-LIVE-WOW|x86
		{7B365497-74DD-4D9D-AE4D-8626E019BCFC}.SYD-LIVE-WOW|x86.ActiveCfg = SYD-LIVE-WOW|x86
		{7B365497-74DD-4D9D-AE4D-8626E019BCFC}.SYD-LIVE-WOW|x86.Build.0 = SYD-LIVE-WOW|x86
		{7B365497-74DD-4D9D-AE4D-8626E019BCFC}.SYD-UAT-WOW|Any CPU.ActiveCfg = SYD-UAT-WOW|x86
		{7B365497-74DD-4D9D-AE4D-8626E019BCFC}.SYD-UAT-WOW|Mixed Platforms.ActiveCfg = SYD-UAT-WOW|x86
		{7B365497-74DD-4D9D-AE4D-8626E019BCFC}.SYD-UAT-WOW|Mixed Platforms.Build.0 = SYD-UAT-WOW|x86
		{7B365497-74DD-4D9D-AE4D-8626E019BCFC}.SYD-UAT-WOW|x86.ActiveCfg = SYD-UAT-WOW|x86
		{7B365497-74DD-4D9D-AE4D-8626E019BCFC}.SYD-UAT-WOW|x86.Build.0 = SYD-UAT-WOW|x86
		{7B365497-74DD-4D9D-AE4D-8626E019BCFC}.uat|Any CPU.ActiveCfg = uat|x86
		{7B365497-74DD-4D9D-AE4D-8626E019BCFC}.uat|Mixed Platforms.ActiveCfg = uat|x86
		{7B365497-74DD-4D9D-AE4D-8626E019BCFC}.uat|Mixed Platforms.Build.0 = uat|x86
		{7B365497-74DD-4D9D-AE4D-8626E019BCFC}.uat|x86.ActiveCfg = uat|x86
		{7B365497-74DD-4D9D-AE4D-8626E019BCFC}.uat|x86.Build.0 = uat|x86
		{8F7BFB01-4AAA-4D30-AE25-7E58C15BC9A2}.Debug|Any CPU.ActiveCfg = Debug|x86
		{8F7BFB01-4AAA-4D30-AE25-7E58C15BC9A2}.Debug|Mixed Platforms.ActiveCfg = Debug|x86
		{8F7BFB01-4AAA-4D30-AE25-7E58C15BC9A2}.Debug|Mixed Platforms.Build.0 = Debug|x86
		{8F7BFB01-4AAA-4D30-AE25-7E58C15BC9A2}.Debug|x86.ActiveCfg = Debug|x86
		{8F7BFB01-4AAA-4D30-AE25-7E58C15BC9A2}.Debug|x86.Build.0 = Debug|x86
		{8F7BFB01-4AAA-4D30-AE25-7E58C15BC9A2}.int|Any CPU.ActiveCfg = int|x86
		{8F7BFB01-4AAA-4D30-AE25-7E58C15BC9A2}.int|Mixed Platforms.ActiveCfg = int|x86
		{8F7BFB01-4AAA-4D30-AE25-7E58C15BC9A2}.int|Mixed Platforms.Build.0 = int|x86
		{8F7BFB01-4AAA-4D30-AE25-7E58C15BC9A2}.int|x86.ActiveCfg = int|x86
		{8F7BFB01-4AAA-4D30-AE25-7E58C15BC9A2}.int|x86.Build.0 = int|x86
		{8F7BFB01-4AAA-4D30-AE25-7E58C15BC9A2}.live|Any CPU.ActiveCfg = SYD-UAT-WOW|x86
		{8F7BFB01-4AAA-4D30-AE25-7E58C15BC9A2}.live|Mixed Platforms.ActiveCfg = SYD-UAT-WOW|x86
		{8F7BFB01-4AAA-4D30-AE25-7E58C15BC9A2}.live|Mixed Platforms.Build.0 = SYD-UAT-WOW|x86
		{8F7BFB01-4AAA-4D30-AE25-7E58C15BC9A2}.live|x86.ActiveCfg = SYD-UAT-WOW|x86
		{8F7BFB01-4AAA-4D30-AE25-7E58C15BC9A2}.live|x86.Build.0 = SYD-UAT-WOW|x86
		{8F7BFB01-4AAA-4D30-AE25-7E58C15BC9A2}.Release|Any CPU.ActiveCfg = Release|x86
		{8F7BFB01-4AAA-4D30-AE25-7E58C15BC9A2}.Release|Mixed Platforms.ActiveCfg = Release|x86
		{8F7BFB01-4AAA-4D30-AE25-7E58C15BC9A2}.Release|Mixed Platforms.Build.0 = Release|x86
		{8F7BFB01-4AAA-4D30-AE25-7E58C15BC9A2}.Release|x86.ActiveCfg = Release|x86
		{8F7BFB01-4AAA-4D30-AE25-7E58C15BC9A2}.Release|x86.Build.0 = Release|x86
		{8F7BFB01-4AAA-4D30-AE25-7E58C15BC9A2}.SIN-DEV|Any CPU.ActiveCfg = SIN-DEV|x86
		{8F7BFB01-4AAA-4D30-AE25-7E58C15BC9A2}.SIN-DEV|Mixed Platforms.ActiveCfg = SIN-DEV|x86
		{8F7BFB01-4AAA-4D30-AE25-7E58C15BC9A2}.SIN-DEV|Mixed Platforms.Build.0 = SIN-DEV|x86
		{8F7BFB01-4AAA-4D30-AE25-7E58C15BC9A2}.SIN-DEV|x86.ActiveCfg = SIN-DEV|x86
		{8F7BFB01-4AAA-4D30-AE25-7E58C15BC9A2}.SIN-DEV|x86.Build.0 = SIN-DEV|x86
		{8F7BFB01-4AAA-4D30-AE25-7E58C15BC9A2}.SIN-INT|Any CPU.ActiveCfg = SIN-INT|x86
		{8F7BFB01-4AAA-4D30-AE25-7E58C15BC9A2}.SIN-INT|Mixed Platforms.ActiveCfg = SIN-INT|x86
		{8F7BFB01-4AAA-4D30-AE25-7E58C15BC9A2}.SIN-INT|Mixed Platforms.Build.0 = SIN-INT|x86
		{8F7BFB01-4AAA-4D30-AE25-7E58C15BC9A2}.SIN-INT|x86.ActiveCfg = SIN-INT|x86
		{8F7BFB01-4AAA-4D30-AE25-7E58C15BC9A2}.SIN-INT|x86.Build.0 = SIN-INT|x86
		{8F7BFB01-4AAA-4D30-AE25-7E58C15BC9A2}.SIN-UAT|Any CPU.ActiveCfg = SIN-UAT|x86
		{8F7BFB01-4AAA-4D30-AE25-7E58C15BC9A2}.SIN-UAT|Mixed Platforms.ActiveCfg = SIN-UAT|x86
		{8F7BFB01-4AAA-4D30-AE25-7E58C15BC9A2}.SIN-UAT|Mixed Platforms.Build.0 = SIN-UAT|x86
		{8F7BFB01-4AAA-4D30-AE25-7E58C15BC9A2}.SIN-UAT|x86.ActiveCfg = SIN-UAT|x86
		{8F7BFB01-4AAA-4D30-AE25-7E58C15BC9A2}.SIN-UAT|x86.Build.0 = SIN-UAT|x86
		{8F7BFB01-4AAA-4D30-AE25-7E58C15BC9A2}.staging|Any CPU.ActiveCfg = SYD-UAT-WOW|x86
		{8F7BFB01-4AAA-4D30-AE25-7E58C15BC9A2}.staging|Mixed Platforms.ActiveCfg = SYD-UAT-WOW|x86
		{8F7BFB01-4AAA-4D30-AE25-7E58C15BC9A2}.staging|Mixed Platforms.Build.0 = SYD-UAT-WOW|x86
		{8F7BFB01-4AAA-4D30-AE25-7E58C15BC9A2}.staging|x86.ActiveCfg = SYD-UAT-WOW|x86
		{8F7BFB01-4AAA-4D30-AE25-7E58C15BC9A2}.staging|x86.Build.0 = SYD-UAT-WOW|x86
		{8F7BFB01-4AAA-4D30-AE25-7E58C15BC9A2}.SYD-LIVE-WOW|Any CPU.ActiveCfg = SYD-LIVE-WOW|x86
		{8F7BFB01-4AAA-4D30-AE25-7E58C15BC9A2}.SYD-LIVE-WOW|Mixed Platforms.ActiveCfg = SYD-LIVE-WOW|x86
		{8F7BFB01-4AAA-4D30-AE25-7E58C15BC9A2}.SYD-LIVE-WOW|Mixed Platforms.Build.0 = SYD-LIVE-WOW|x86
		{8F7BFB01-4AAA-4D30-AE25-7E58C15BC9A2}.SYD-LIVE-WOW|x86.ActiveCfg = SYD-LIVE-WOW|x86
		{8F7BFB01-4AAA-4D30-AE25-7E58C15BC9A2}.SYD-LIVE-WOW|x86.Build.0 = SYD-LIVE-WOW|x86
		{8F7BFB01-4AAA-4D30-AE25-7E58C15BC9A2}.SYD-UAT-WOW|Any CPU.ActiveCfg = SYD-UAT-WOW|x86
		{8F7BFB01-4AAA-4D30-AE25-7E58C15BC9A2}.SYD-UAT-WOW|Mixed Platforms.ActiveCfg = SYD-UAT-WOW|x86
		{8F7BFB01-4AAA-4D30-AE25-7E58C15BC9A2}.SYD-UAT-WOW|Mixed Platforms.Build.0 = SYD-UAT-WOW|x86
		{8F7BFB01-4AAA-4D30-AE25-7E58C15BC9A2}.SYD-UAT-WOW|x86.ActiveCfg = SYD-UAT-WOW|x86
		{8F7BFB01-4AAA-4D30-AE25-7E58C15BC9A2}.SYD-UAT-WOW|x86.Build.0 = SYD-UAT-WOW|x86
		{8F7BFB01-4AAA-4D30-AE25-7E58C15BC9A2}.uat|Any CPU.ActiveCfg = uat|x86
		{8F7BFB01-4AAA-4D30-AE25-7E58C15BC9A2}.uat|Mixed Platforms.ActiveCfg = uat|x86
		{8F7BFB01-4AAA-4D30-AE25-7E58C15BC9A2}.uat|Mixed Platforms.Build.0 = uat|x86
		{8F7BFB01-4AAA-4D30-AE25-7E58C15BC9A2}.uat|x86.ActiveCfg = uat|x86
		{8F7BFB01-4AAA-4D30-AE25-7E58C15BC9A2}.uat|x86.Build.0 = uat|x86
		{B1C85571-1F76-477A-A4A8-33EC74018E6D}.Debug|Any CPU.ActiveCfg = Debug|Any CPU
		{B1C85571-1F76-477A-A4A8-33EC74018E6D}.Debug|Any CPU.Build.0 = Debug|Any CPU
		{B1C85571-1F76-477A-A4A8-33EC74018E6D}.Debug|Mixed Platforms.ActiveCfg = Debug|Any CPU
		{B1C85571-1F76-477A-A4A8-33EC74018E6D}.Debug|Mixed Platforms.Build.0 = Debug|Any CPU
		{B1C85571-1F76-477A-A4A8-33EC74018E6D}.Debug|x86.ActiveCfg = Debug|Any CPU
		{B1C85571-1F76-477A-A4A8-33EC74018E6D}.int|Any CPU.ActiveCfg = int|Any CPU
		{B1C85571-1F76-477A-A4A8-33EC74018E6D}.int|Any CPU.Build.0 = int|Any CPU
		{B1C85571-1F76-477A-A4A8-33EC74018E6D}.int|Mixed Platforms.ActiveCfg = int|Any CPU
		{B1C85571-1F76-477A-A4A8-33EC74018E6D}.int|Mixed Platforms.Build.0 = int|Any CPU
		{B1C85571-1F76-477A-A4A8-33EC74018E6D}.int|x86.ActiveCfg = int|Any CPU
		{B1C85571-1F76-477A-A4A8-33EC74018E6D}.live|Any CPU.ActiveCfg = SYD-UAT-WOW|Any CPU
		{B1C85571-1F76-477A-A4A8-33EC74018E6D}.live|Any CPU.Build.0 = SYD-UAT-WOW|Any CPU
		{B1C85571-1F76-477A-A4A8-33EC74018E6D}.live|Mixed Platforms.ActiveCfg = SYD-UAT-WOW|Any CPU
		{B1C85571-1F76-477A-A4A8-33EC74018E6D}.live|Mixed Platforms.Build.0 = SYD-UAT-WOW|Any CPU
		{B1C85571-1F76-477A-A4A8-33EC74018E6D}.live|x86.ActiveCfg = SYD-UAT-WOW|Any CPU
		{B1C85571-1F76-477A-A4A8-33EC74018E6D}.Release|Any CPU.ActiveCfg = Release|Any CPU
		{B1C85571-1F76-477A-A4A8-33EC74018E6D}.Release|Any CPU.Build.0 = Release|Any CPU
		{B1C85571-1F76-477A-A4A8-33EC74018E6D}.Release|Mixed Platforms.ActiveCfg = Release|Any CPU
		{B1C85571-1F76-477A-A4A8-33EC74018E6D}.Release|Mixed Platforms.Build.0 = Release|Any CPU
		{B1C85571-1F76-477A-A4A8-33EC74018E6D}.Release|x86.ActiveCfg = Release|Any CPU
		{B1C85571-1F76-477A-A4A8-33EC74018E6D}.SIN-DEV|Any CPU.ActiveCfg = SIN-DEV|Any CPU
		{B1C85571-1F76-477A-A4A8-33EC74018E6D}.SIN-DEV|Any CPU.Build.0 = SIN-DEV|Any CPU
		{B1C85571-1F76-477A-A4A8-33EC74018E6D}.SIN-DEV|Mixed Platforms.ActiveCfg = SIN-DEV|Any CPU
		{B1C85571-1F76-477A-A4A8-33EC74018E6D}.SIN-DEV|Mixed Platforms.Build.0 = SIN-DEV|Any CPU
		{B1C85571-1F76-477A-A4A8-33EC74018E6D}.SIN-DEV|x86.ActiveCfg = SIN-DEV|Any CPU
		{B1C85571-1F76-477A-A4A8-33EC74018E6D}.SIN-INT|Any CPU.ActiveCfg = SIN-INT|Any CPU
		{B1C85571-1F76-477A-A4A8-33EC74018E6D}.SIN-INT|Any CPU.Build.0 = SIN-INT|Any CPU
		{B1C85571-1F76-477A-A4A8-33EC74018E6D}.SIN-INT|Mixed Platforms.ActiveCfg = SIN-INT|Any CPU
		{B1C85571-1F76-477A-A4A8-33EC74018E6D}.SIN-INT|Mixed Platforms.Build.0 = SIN-INT|Any CPU
		{B1C85571-1F76-477A-A4A8-33EC74018E6D}.SIN-INT|x86.ActiveCfg = SIN-INT|Any CPU
		{B1C85571-1F76-477A-A4A8-33EC74018E6D}.SIN-UAT|Any CPU.ActiveCfg = SIN-UAT|Any CPU
		{B1C85571-1F76-477A-A4A8-33EC74018E6D}.SIN-UAT|Any CPU.Build.0 = SIN-UAT|Any CPU
		{B1C85571-1F76-477A-A4A8-33EC74018E6D}.SIN-UAT|Mixed Platforms.ActiveCfg = SIN-UAT|Any CPU
		{B1C85571-1F76-477A-A4A8-33EC74018E6D}.SIN-UAT|Mixed Platforms.Build.0 = SIN-UAT|Any CPU
		{B1C85571-1F76-477A-A4A8-33EC74018E6D}.SIN-UAT|x86.ActiveCfg = SIN-UAT|Any CPU
		{B1C85571-1F76-477A-A4A8-33EC74018E6D}.staging|Any CPU.ActiveCfg = SYD-UAT-WOW|Any CPU
		{B1C85571-1F76-477A-A4A8-33EC74018E6D}.staging|Any CPU.Build.0 = SYD-UAT-WOW|Any CPU
		{B1C85571-1F76-477A-A4A8-33EC74018E6D}.staging|Mixed Platforms.ActiveCfg = SYD-UAT-WOW|Any CPU
		{B1C85571-1F76-477A-A4A8-33EC74018E6D}.staging|Mixed Platforms.Build.0 = SYD-UAT-WOW|Any CPU
		{B1C85571-1F76-477A-A4A8-33EC74018E6D}.staging|x86.ActiveCfg = SYD-UAT-WOW|Any CPU
		{B1C85571-1F76-477A-A4A8-33EC74018E6D}.SYD-LIVE-WOW|Any CPU.ActiveCfg = SYD-LIVE-WOW|Any CPU
		{B1C85571-1F76-477A-A4A8-33EC74018E6D}.SYD-LIVE-WOW|Any CPU.Build.0 = SYD-LIVE-WOW|Any CPU
		{B1C85571-1F76-477A-A4A8-33EC74018E6D}.SYD-LIVE-WOW|Mixed Platforms.ActiveCfg = SYD-LIVE-WOW|Any CPU
		{B1C85571-1F76-477A-A4A8-33EC74018E6D}.SYD-LIVE-WOW|Mixed Platforms.Build.0 = SYD-LIVE-WOW|Any CPU
		{B1C85571-1F76-477A-A4A8-33EC74018E6D}.SYD-LIVE-WOW|x86.ActiveCfg = SYD-LIVE-WOW|Any CPU
		{B1C85571-1F76-477A-A4A8-33EC74018E6D}.SYD-UAT-WOW|Any CPU.ActiveCfg = SYD-UAT-WOW|Any CPU
		{B1C85571-1F76-477A-A4A8-33EC74018E6D}.SYD-UAT-WOW|Any CPU.Build.0 = SYD-UAT-WOW|Any CPU
		{B1C85571-1F76-477A-A4A8-33EC74018E6D}.SYD-UAT-WOW|Mixed Platforms.ActiveCfg = SYD-UAT-WOW|Any CPU
		{B1C85571-1F76-477A-A4A8-33EC74018E6D}.SYD-UAT-WOW|Mixed Platforms.Build.0 = SYD-UAT-WOW|Any CPU
		{B1C85571-1F76-477A-A4A8-33EC74018E6D}.SYD-UAT-WOW|x86.ActiveCfg = SYD-UAT-WOW|Any CPU
		{B1C85571-1F76-477A-A4A8-33EC74018E6D}.uat|Any CPU.ActiveCfg = uat|Any CPU
		{B1C85571-1F76-477A-A4A8-33EC74018E6D}.uat|Any CPU.Build.0 = uat|Any CPU
		{B1C85571-1F76-477A-A4A8-33EC74018E6D}.uat|Mixed Platforms.ActiveCfg = uat|Any CPU
		{B1C85571-1F76-477A-A4A8-33EC74018E6D}.uat|Mixed Platforms.Build.0 = uat|Any CPU
		{B1C85571-1F76-477A-A4A8-33EC74018E6D}.uat|x86.ActiveCfg = uat|Any CPU
		{C1854E9B-E6B5-4984-93C5-F73BF5DFF950}.Debug|Any CPU.ActiveCfg = Debug|x86
		{C1854E9B-E6B5-4984-93C5-F73BF5DFF950}.Debug|Mixed Platforms.ActiveCfg = Debug|x86
		{C1854E9B-E6B5-4984-93C5-F73BF5DFF950}.Debug|Mixed Platforms.Build.0 = Debug|x86
		{C1854E9B-E6B5-4984-93C5-F73BF5DFF950}.Debug|x86.ActiveCfg = Debug|x86
		{C1854E9B-E6B5-4984-93C5-F73BF5DFF950}.Debug|x86.Build.0 = Debug|x86
		{C1854E9B-E6B5-4984-93C5-F73BF5DFF950}.int|Any CPU.ActiveCfg = int|x86
		{C1854E9B-E6B5-4984-93C5-F73BF5DFF950}.int|Mixed Platforms.ActiveCfg = int|x86
		{C1854E9B-E6B5-4984-93C5-F73BF5DFF950}.int|Mixed Platforms.Build.0 = int|x86
		{C1854E9B-E6B5-4984-93C5-F73BF5DFF950}.int|x86.ActiveCfg = int|x86
		{C1854E9B-E6B5-4984-93C5-F73BF5DFF950}.int|x86.Build.0 = int|x86
		{C1854E9B-E6B5-4984-93C5-F73BF5DFF950}.live|Any CPU.ActiveCfg = SYD-UAT-WOW|x86
		{C1854E9B-E6B5-4984-93C5-F73BF5DFF950}.live|Mixed Platforms.ActiveCfg = SYD-UAT-WOW|x86
		{C1854E9B-E6B5-4984-93C5-F73BF5DFF950}.live|Mixed Platforms.Build.0 = SYD-UAT-WOW|x86
		{C1854E9B-E6B5-4984-93C5-F73BF5DFF950}.live|x86.ActiveCfg = SYD-UAT-WOW|x86
		{C1854E9B-E6B5-4984-93C5-F73BF5DFF950}.live|x86.Build.0 = SYD-UAT-WOW|x86
		{C1854E9B-E6B5-4984-93C5-F73BF5DFF950}.Release|Any CPU.ActiveCfg = Release|x86
		{C1854E9B-E6B5-4984-93C5-F73BF5DFF950}.Release|Mixed Platforms.ActiveCfg = Release|x86
		{C1854E9B-E6B5-4984-93C5-F73BF5DFF950}.Release|Mixed Platforms.Build.0 = Release|x86
		{C1854E9B-E6B5-4984-93C5-F73BF5DFF950}.Release|x86.ActiveCfg = Release|x86
		{C1854E9B-E6B5-4984-93C5-F73BF5DFF950}.Release|x86.Build.0 = Release|x86
		{C1854E9B-E6B5-4984-93C5-F73BF5DFF950}.SIN-DEV|Any CPU.ActiveCfg = SIN-DEV|x86
		{C1854E9B-E6B5-4984-93C5-F73BF5DFF950}.SIN-DEV|Mixed Platforms.ActiveCfg = SIN-DEV|x86
		{C1854E9B-E6B5-4984-93C5-F73BF5DFF950}.SIN-DEV|Mixed Platforms.Build.0 = SIN-DEV|x86
		{C1854E9B-E6B5-4984-93C5-F73BF5DFF950}.SIN-DEV|x86.ActiveCfg = SIN-DEV|x86
		{C1854E9B-E6B5-4984-93C5-F73BF5DFF950}.SIN-DEV|x86.Build.0 = SIN-DEV|x86
		{C1854E9B-E6B5-4984-93C5-F73BF5DFF950}.SIN-INT|Any CPU.ActiveCfg = SIN-INT|x86
		{C1854E9B-E6B5-4984-93C5-F73BF5DFF950}.SIN-INT|Mixed Platforms.ActiveCfg = SIN-INT|x86
		{C1854E9B-E6B5-4984-93C5-F73BF5DFF950}.SIN-INT|Mixed Platforms.Build.0 = SIN-INT|x86
		{C1854E9B-E6B5-4984-93C5-F73BF5DFF950}.SIN-INT|x86.ActiveCfg = SIN-INT|x86
		{C1854E9B-E6B5-4984-93C5-F73BF5DFF950}.SIN-INT|x86.Build.0 = SIN-INT|x86
		{C1854E9B-E6B5-4984-93C5-F73BF5DFF950}.SIN-UAT|Any CPU.ActiveCfg = SIN-UAT|x86
		{C1854E9B-E6B5-4984-93C5-F73BF5DFF950}.SIN-UAT|Mixed Platforms.ActiveCfg = SIN-UAT|x86
		{C1854E9B-E6B5-4984-93C5-F73BF5DFF950}.SIN-UAT|Mixed Platforms.Build.0 = SIN-UAT|x86
		{C1854E9B-E6B5-4984-93C5-F73BF5DFF950}.SIN-UAT|x86.ActiveCfg = SIN-UAT|x86
		{C1854E9B-E6B5-4984-93C5-F73BF5DFF950}.SIN-UAT|x86.Build.0 = SIN-UAT|x86
		{C1854E9B-E6B5-4984-93C5-F73BF5DFF950}.staging|Any CPU.ActiveCfg = SYD-UAT-WOW|x86
		{C1854E9B-E6B5-4984-93C5-F73BF5DFF950}.staging|Mixed Platforms.ActiveCfg = SYD-UAT-WOW|x86
		{C1854E9B-E6B5-4984-93C5-F73BF5DFF950}.staging|Mixed Platforms.Build.0 = SYD-UAT-WOW|x86
		{C1854E9B-E6B5-4984-93C5-F73BF5DFF950}.staging|x86.ActiveCfg = SYD-UAT-WOW|x86
		{C1854E9B-E6B5-4984-93C5-F73BF5DFF950}.staging|x86.Build.0 = SYD-UAT-WOW|x86
		{C1854E9B-E6B5-4984-93C5-F73BF5DFF950}.SYD-LIVE-WOW|Any CPU.ActiveCfg = SYD-LIVE-WOW|x86
		{C1854E9B-E6B5-4984-93C5-F73BF5DFF950}.SYD-LIVE-WOW|Mixed Platforms.ActiveCfg = SYD-LIVE-WOW|x86
		{C1854E9B-E6B5-4984-93C5-F73BF5DFF950}.SYD-LIVE-WOW|Mixed Platforms.Build.0 = SYD-LIVE-WOW|x86
		{C1854E9B-E6B5-4984-93C5-F73BF5DFF950}.SYD-LIVE-WOW|x86.ActiveCfg = SYD-LIVE-WOW|x86
		{C1854E9B-E6B5-4984-93C5-F73BF5DFF950}.SYD-LIVE-WOW|x86.Build.0 = SYD-LIVE-WOW|x86
		{C1854E9B-E6B5-4984-93C5-F73BF5DFF950}.SYD-UAT-WOW|Any CPU.ActiveCfg = SYD-UAT-WOW|x86
		{C1854E9B-E6B5-4984-93C5-F73BF5DFF950}.SYD-UAT-WOW|Mixed Platforms.ActiveCfg = SYD-UAT-WOW|x86
		{C1854E9B-E6B5-4984-93C5-F73BF5DFF950}.SYD-UAT-WOW|Mixed Platforms.Build.0 = SYD-UAT-WOW|x86
		{C1854E9B-E6B5-4984-93C5-F73BF5DFF950}.SYD-UAT-WOW|x86.ActiveCfg = SYD-UAT-WOW|x86
		{C1854E9B-E6B5-4984-93C5-F73BF5DFF950}.SYD-UAT-WOW|x86.Build.0 = SYD-UAT-WOW|x86
		{C1854E9B-E6B5-4984-93C5-F73BF5DFF950}.uat|Any CPU.ActiveCfg = uat|x86
		{C1854E9B-E6B5-4984-93C5-F73BF5DFF950}.uat|Mixed Platforms.ActiveCfg = uat|x86
		{C1854E9B-E6B5-4984-93C5-F73BF5DFF950}.uat|Mixed Platforms.Build.0 = uat|x86
		{C1854E9B-E6B5-4984-93C5-F73BF5DFF950}.uat|x86.ActiveCfg = uat|x86
		{C1854E9B-E6B5-4984-93C5-F73BF5DFF950}.uat|x86.Build.0 = uat|x86
		{240D2DF6-5A69-45A0-95F3-CB0A87826862}.Debug|Any CPU.ActiveCfg = Debug|x86
		{240D2DF6-5A69-45A0-95F3-CB0A87826862}.Debug|Mixed Platforms.ActiveCfg = Debug|x86
		{240D2DF6-5A69-45A0-95F3-CB0A87826862}.Debug|Mixed Platforms.Build.0 = Debug|x86
		{240D2DF6-5A69-45A0-95F3-CB0A87826862}.Debug|x86.ActiveCfg = Debug|x86
		{240D2DF6-5A69-45A0-95F3-CB0A87826862}.Debug|x86.Build.0 = Debug|x86
		{240D2DF6-5A69-45A0-95F3-CB0A87826862}.int|Any CPU.ActiveCfg = int|x86
		{240D2DF6-5A69-45A0-95F3-CB0A87826862}.int|Mixed Platforms.ActiveCfg = int|x86
		{240D2DF6-5A69-45A0-95F3-CB0A87826862}.int|Mixed Platforms.Build.0 = int|x86
		{240D2DF6-5A69-45A0-95F3-CB0A87826862}.int|x86.ActiveCfg = int|x86
		{240D2DF6-5A69-45A0-95F3-CB0A87826862}.int|x86.Build.0 = int|x86
		{240D2DF6-5A69-45A0-95F3-CB0A87826862}.live|Any CPU.ActiveCfg = SYD-UAT-WOW|x86
		{240D2DF6-5A69-45A0-95F3-CB0A87826862}.live|Mixed Platforms.ActiveCfg = SYD-UAT-WOW|x86
		{240D2DF6-5A69-45A0-95F3-CB0A87826862}.live|Mixed Platforms.Build.0 = SYD-UAT-WOW|x86
		{240D2DF6-5A69-45A0-95F3-CB0A87826862}.live|x86.ActiveCfg = SYD-UAT-WOW|x86
		{240D2DF6-5A69-45A0-95F3-CB0A87826862}.live|x86.Build.0 = SYD-UAT-WOW|x86
		{240D2DF6-5A69-45A0-95F3-CB0A87826862}.Release|Any CPU.ActiveCfg = Release|x86
		{240D2DF6-5A69-45A0-95F3-CB0A87826862}.Release|Mixed Platforms.ActiveCfg = Release|x86
		{240D2DF6-5A69-45A0-95F3-CB0A87826862}.Release|Mixed Platforms.Build.0 = Release|x86
		{240D2DF6-5A69-45A0-95F3-CB0A87826862}.Release|x86.ActiveCfg = Release|x86
		{240D2DF6-5A69-45A0-95F3-CB0A87826862}.Release|x86.Build.0 = Release|x86
		{240D2DF6-5A69-45A0-95F3-CB0A87826862}.SIN-DEV|Any CPU.ActiveCfg = SIN-DEV|x86
		{240D2DF6-5A69-45A0-95F3-CB0A87826862}.SIN-DEV|Mixed Platforms.ActiveCfg = SIN-DEV|x86
		{240D2DF6-5A69-45A0-95F3-CB0A87826862}.SIN-DEV|Mixed Platforms.Build.0 = SIN-DEV|x86
		{240D2DF6-5A69-45A0-95F3-CB0A87826862}.SIN-DEV|x86.ActiveCfg = SIN-DEV|x86
		{240D2DF6-5A69-45A0-95F3-CB0A87826862}.SIN-DEV|x86.Build.0 = SIN-DEV|x86
		{240D2DF6-5A69-45A0-95F3-CB0A87826862}.SIN-INT|Any CPU.ActiveCfg = SIN-INT|x86
		{240D2DF6-5A69-45A0-95F3-CB0A87826862}.SIN-INT|Mixed Platforms.ActiveCfg = SIN-INT|x86
		{240D2DF6-5A69-45A0-95F3-CB0A87826862}.SIN-INT|Mixed Platforms.Build.0 = SIN-INT|x86
		{240D2DF6-5A69-45A0-95F3-CB0A87826862}.SIN-INT|x86.ActiveCfg = SIN-INT|x86
		{240D2DF6-5A69-45A0-95F3-CB0A87826862}.SIN-INT|x86.Build.0 = SIN-INT|x86
		{240D2DF6-5A69-45A0-95F3-CB0A87826862}.SIN-UAT|Any CPU.ActiveCfg = SIN-UAT|x86
		{240D2DF6-5A69-45A0-95F3-CB0A87826862}.SIN-UAT|Mixed Platforms.ActiveCfg = SIN-UAT|x86
		{240D2DF6-5A69-45A0-95F3-CB0A87826862}.SIN-UAT|Mixed Platforms.Build.0 = SIN-UAT|x86
		{240D2DF6-5A69-45A0-95F3-CB0A87826862}.SIN-UAT|x86.ActiveCfg = SIN-UAT|x86
		{240D2DF6-5A69-45A0-95F3-CB0A87826862}.SIN-UAT|x86.Build.0 = SIN-UAT|x86
		{240D2DF6-5A69-45A0-95F3-CB0A87826862}.staging|Any CPU.ActiveCfg = SYD-UAT-WOW|x86
		{240D2DF6-5A69-45A0-95F3-CB0A87826862}.staging|Mixed Platforms.ActiveCfg = SYD-UAT-WOW|x86
		{240D2DF6-5A69-45A0-95F3-CB0A87826862}.staging|Mixed Platforms.Build.0 = SYD-UAT-WOW|x86
		{240D2DF6-5A69-45A0-95F3-CB0A87826862}.staging|x86.ActiveCfg = SYD-UAT-WOW|x86
		{240D2DF6-5A69-45A0-95F3-CB0A87826862}.staging|x86.Build.0 = SYD-UAT-WOW|x86
		{240D2DF6-5A69-45A0-95F3-CB0A87826862}.SYD-LIVE-WOW|Any CPU.ActiveCfg = SYD-LIVE-WOW|x86
		{240D2DF6-5A69-45A0-95F3-CB0A87826862}.SYD-LIVE-WOW|Mixed Platforms.ActiveCfg = SYD-LIVE-WOW|x86
		{240D2DF6-5A69-45A0-95F3-CB0A87826862}.SYD-LIVE-WOW|Mixed Platforms.Build.0 = SYD-LIVE-WOW|x86
		{240D2DF6-5A69-45A0-95F3-CB0A87826862}.SYD-LIVE-WOW|x86.ActiveCfg = SYD-LIVE-WOW|x86
		{240D2DF6-5A69-45A0-95F3-CB0A87826862}.SYD-LIVE-WOW|x86.Build.0 = SYD-LIVE-WOW|x86
		{240D2DF6-5A69-45A0-95F3-CB0A87826862}.SYD-UAT-WOW|Any CPU.ActiveCfg = SYD-UAT-WOW|x86
		{240D2DF6-5A69-45A0-95F3-CB0A87826862}.SYD-UAT-WOW|Mixed Platforms.ActiveCfg = SYD-UAT-WOW|x86
		{240D2DF6-5A69-45A0-95F3-CB0A87826862}.SYD-UAT-WOW|Mixed Platforms.Build.0 = SYD-UAT-WOW|x86
		{240D2DF6-5A69-45A0-95F3-CB0A87826862}.SYD-UAT-WOW|x86.ActiveCfg = SYD-UAT-WOW|x86
		{240D2DF6-5A69-45A0-95F3-CB0A87826862}.SYD-UAT-WOW|x86.Build.0 = SYD-UAT-WOW|x86
		{240D2DF6-5A69-45A0-95F3-CB0A87826862}.uat|Any CPU.ActiveCfg = uat|x86
		{240D2DF6-5A69-45A0-95F3-CB0A87826862}.uat|Mixed Platforms.ActiveCfg = uat|x86
		{240D2DF6-5A69-45A0-95F3-CB0A87826862}.uat|Mixed Platforms.Build.0 = uat|x86
		{240D2DF6-5A69-45A0-95F3-CB0A87826862}.uat|x86.ActiveCfg = uat|x86
		{240D2DF6-5A69-45A0-95F3-CB0A87826862}.uat|x86.Build.0 = uat|x86
		{EDF7B9F5-A5B8-4264-9935-0D6BE4E7C334}.Debug|Any CPU.ActiveCfg = Debug|x86
		{EDF7B9F5-A5B8-4264-9935-0D6BE4E7C334}.Debug|Mixed Platforms.ActiveCfg = Debug|x86
		{EDF7B9F5-A5B8-4264-9935-0D6BE4E7C334}.Debug|Mixed Platforms.Build.0 = Debug|x86
		{EDF7B9F5-A5B8-4264-9935-0D6BE4E7C334}.Debug|x86.ActiveCfg = Debug|x86
		{EDF7B9F5-A5B8-4264-9935-0D6BE4E7C334}.Debug|x86.Build.0 = Debug|x86
		{EDF7B9F5-A5B8-4264-9935-0D6BE4E7C334}.int|Any CPU.ActiveCfg = int|x86
		{EDF7B9F5-A5B8-4264-9935-0D6BE4E7C334}.int|Mixed Platforms.ActiveCfg = int|x86
		{EDF7B9F5-A5B8-4264-9935-0D6BE4E7C334}.int|Mixed Platforms.Build.0 = int|x86
		{EDF7B9F5-A5B8-4264-9935-0D6BE4E7C334}.int|x86.ActiveCfg = int|x86
		{EDF7B9F5-A5B8-4264-9935-0D6BE4E7C334}.int|x86.Build.0 = int|x86
		{EDF7B9F5-A5B8-4264-9935-0D6BE4E7C334}.live|Any CPU.ActiveCfg = SYD-UAT-WOW|x86
		{EDF7B9F5-A5B8-4264-9935-0D6BE4E7C334}.live|Mixed Platforms.ActiveCfg = SYD-UAT-WOW|x86
		{EDF7B9F5-A5B8-4264-9935-0D6BE4E7C334}.live|Mixed Platforms.Build.0 = SYD-UAT-WOW|x86
		{EDF7B9F5-A5B8-4264-9935-0D6BE4E7C334}.live|x86.ActiveCfg = SYD-UAT-WOW|x86
		{EDF7B9F5-A5B8-4264-9935-0D6BE4E7C334}.live|x86.Build.0 = SYD-UAT-WOW|x86
		{EDF7B9F5-A5B8-4264-9935-0D6BE4E7C334}.Release|Any CPU.ActiveCfg = Release|x86
		{EDF7B9F5-A5B8-4264-9935-0D6BE4E7C334}.Release|Mixed Platforms.ActiveCfg = Release|x86
		{EDF7B9F5-A5B8-4264-9935-0D6BE4E7C334}.Release|Mixed Platforms.Build.0 = Release|x86
		{EDF7B9F5-A5B8-4264-9935-0D6BE4E7C334}.Release|x86.ActiveCfg = Release|x86
		{EDF7B9F5-A5B8-4264-9935-0D6BE4E7C334}.Release|x86.Build.0 = Release|x86
		{EDF7B9F5-A5B8-4264-9935-0D6BE4E7C334}.SIN-DEV|Any CPU.ActiveCfg = SIN-DEV|x86
		{EDF7B9F5-A5B8-4264-9935-0D6BE4E7C334}.SIN-DEV|Mixed Platforms.ActiveCfg = SIN-DEV|x86
		{EDF7B9F5-A5B8-4264-9935-0D6BE4E7C334}.SIN-DEV|Mixed Platforms.Build.0 = SIN-DEV|x86
		{EDF7B9F5-A5B8-4264-9935-0D6BE4E7C334}.SIN-DEV|x86.ActiveCfg = SIN-DEV|x86
		{EDF7B9F5-A5B8-4264-9935-0D6BE4E7C334}.SIN-DEV|x86.Build.0 = SIN-DEV|x86
		{EDF7B9F5-A5B8-4264-9935-0D6BE4E7C334}.SIN-INT|Any CPU.ActiveCfg = SIN-INT|x86
		{EDF7B9F5-A5B8-4264-9935-0D6BE4E7C334}.SIN-INT|Mixed Platforms.ActiveCfg = SIN-INT|x86
		{EDF7B9F5-A5B8-4264-9935-0D6BE4E7C334}.SIN-INT|Mixed Platforms.Build.0 = SIN-INT|x86
		{EDF7B9F5-A5B8-4264-9935-0D6BE4E7C334}.SIN-INT|x86.ActiveCfg = SIN-INT|x86
		{EDF7B9F5-A5B8-4264-9935-0D6BE4E7C334}.SIN-INT|x86.Build.0 = SIN-INT|x86
		{EDF7B9F5-A5B8-4264-9935-0D6BE4E7C334}.SIN-UAT|Any CPU.ActiveCfg = SIN-UAT|x86
		{EDF7B9F5-A5B8-4264-9935-0D6BE4E7C334}.SIN-UAT|Mixed Platforms.ActiveCfg = SIN-UAT|x86
		{EDF7B9F5-A5B8-4264-9935-0D6BE4E7C334}.SIN-UAT|Mixed Platforms.Build.0 = SIN-UAT|x86
		{EDF7B9F5-A5B8-4264-9935-0D6BE4E7C334}.SIN-UAT|x86.ActiveCfg = SIN-UAT|x86
		{EDF7B9F5-A5B8-4264-9935-0D6BE4E7C334}.SIN-UAT|x86.Build.0 = SIN-UAT|x86
		{EDF7B9F5-A5B8-4264-9935-0D6BE4E7C334}.staging|Any CPU.ActiveCfg = SYD-UAT-WOW|x86
		{EDF7B9F5-A5B8-4264-9935-0D6BE4E7C334}.staging|Mixed Platforms.ActiveCfg = SYD-UAT-WOW|x86
		{EDF7B9F5-A5B8-4264-9935-0D6BE4E7C334}.staging|Mixed Platforms.Build.0 = SYD-UAT-WOW|x86
		{EDF7B9F5-A5B8-4264-9935-0D6BE4E7C334}.staging|x86.ActiveCfg = SYD-UAT-WOW|x86
		{EDF7B9F5-A5B8-4264-9935-0D6BE4E7C334}.staging|x86.Build.0 = SYD-UAT-WOW|x86
		{EDF7B9F5-A5B8-4264-9935-0D6BE4E7C334}.SYD-LIVE-WOW|Any CPU.ActiveCfg = SYD-LIVE-WOW|x86
		{EDF7B9F5-A5B8-4264-9935-0D6BE4E7C334}.SYD-LIVE-WOW|Mixed Platforms.ActiveCfg = SYD-LIVE-WOW|x86
		{EDF7B9F5-A5B8-4264-9935-0D6BE4E7C334}.SYD-LIVE-WOW|Mixed Platforms.Build.0 = SYD-LIVE-WOW|x86
		{EDF7B9F5-A5B8-4264-9935-0D6BE4E7C334}.SYD-LIVE-WOW|x86.ActiveCfg = SYD-LIVE-WOW|x86
		{EDF7B9F5-A5B8-4264-9935-0D6BE4E7C334}.SYD-LIVE-WOW|x86.Build.0 = SYD-LIVE-WOW|x86
		{EDF7B9F5-A5B8-4264-9935-0D6BE4E7C334}.SYD-UAT-WOW|Any CPU.ActiveCfg = SYD-UAT-WOW|x86
		{EDF7B9F5-A5B8-4264-9935-0D6BE4E7C334}.SYD-UAT-WOW|Mixed Platforms.ActiveCfg = SYD-UAT-WOW|x86
		{EDF7B9F5-A5B8-4264-9935-0D6BE4E7C334}.SYD-UAT-WOW|Mixed Platforms.Build.0 = SYD-UAT-WOW|x86
		{EDF7B9F5-A5B8-4264-9935-0D6BE4E7C334}.SYD-UAT-WOW|x86.ActiveCfg = SYD-UAT-WOW|x86
		{EDF7B9F5-A5B8-4264-9935-0D6BE4E7C334}.SYD-UAT-WOW|x86.Build.0 = SYD-UAT-WOW|x86
		{EDF7B9F5-A5B8-4264-9935-0D6BE4E7C334}.uat|Any CPU.ActiveCfg = uat|x86
		{EDF7B9F5-A5B8-4264-9935-0D6BE4E7C334}.uat|Mixed Platforms.ActiveCfg = uat|x86
		{EDF7B9F5-A5B8-4264-9935-0D6BE4E7C334}.uat|Mixed Platforms.Build.0 = uat|x86
		{EDF7B9F5-A5B8-4264-9935-0D6BE4E7C334}.uat|x86.ActiveCfg = uat|x86
		{EDF7B9F5-A5B8-4264-9935-0D6BE4E7C334}.uat|x86.Build.0 = uat|x86
		{B3A528FF-A4BA-4519-BEC8-21C7A8F51AF8}.Debug|Any CPU.ActiveCfg = Debug|x86
		{B3A528FF-A4BA-4519-BEC8-21C7A8F51AF8}.Debug|Mixed Platforms.ActiveCfg = Debug|x86
		{B3A528FF-A4BA-4519-BEC8-21C7A8F51AF8}.Debug|Mixed Platforms.Build.0 = Debug|x86
		{B3A528FF-A4BA-4519-BEC8-21C7A8F51AF8}.Debug|x86.ActiveCfg = Debug|x86
		{B3A528FF-A4BA-4519-BEC8-21C7A8F51AF8}.Debug|x86.Build.0 = Debug|x86
		{B3A528FF-A4BA-4519-BEC8-21C7A8F51AF8}.int|Any CPU.ActiveCfg = int|x86
		{B3A528FF-A4BA-4519-BEC8-21C7A8F51AF8}.int|Mixed Platforms.ActiveCfg = int|x86
		{B3A528FF-A4BA-4519-BEC8-21C7A8F51AF8}.int|Mixed Platforms.Build.0 = int|x86
		{B3A528FF-A4BA-4519-BEC8-21C7A8F51AF8}.int|x86.ActiveCfg = int|x86
		{B3A528FF-A4BA-4519-BEC8-21C7A8F51AF8}.int|x86.Build.0 = int|x86
		{B3A528FF-A4BA-4519-BEC8-21C7A8F51AF8}.live|Any CPU.ActiveCfg = SYD-UAT-WOW|x86
		{B3A528FF-A4BA-4519-BEC8-21C7A8F51AF8}.live|Mixed Platforms.ActiveCfg = SYD-UAT-WOW|x86
		{B3A528FF-A4BA-4519-BEC8-21C7A8F51AF8}.live|Mixed Platforms.Build.0 = SYD-UAT-WOW|x86
		{B3A528FF-A4BA-4519-BEC8-21C7A8F51AF8}.live|x86.ActiveCfg = SYD-UAT-WOW|x86
		{B3A528FF-A4BA-4519-BEC8-21C7A8F51AF8}.live|x86.Build.0 = SYD-UAT-WOW|x86
		{B3A528FF-A4BA-4519-BEC8-21C7A8F51AF8}.Release|Any CPU.ActiveCfg = Release|x86
		{B3A528FF-A4BA-4519-BEC8-21C7A8F51AF8}.Release|Mixed Platforms.ActiveCfg = Release|x86
		{B3A528FF-A4BA-4519-BEC8-21C7A8F51AF8}.Release|Mixed Platforms.Build.0 = Release|x86
		{B3A528FF-A4BA-4519-BEC8-21C7A8F51AF8}.Release|x86.ActiveCfg = Release|x86
		{B3A528FF-A4BA-4519-BEC8-21C7A8F51AF8}.Release|x86.Build.0 = Release|x86
		{B3A528FF-A4BA-4519-BEC8-21C7A8F51AF8}.SIN-DEV|Any CPU.ActiveCfg = SIN-DEV|x86
		{B3A528FF-A4BA-4519-BEC8-21C7A8F51AF8}.SIN-DEV|Mixed Platforms.ActiveCfg = SIN-DEV|x86
		{B3A528FF-A4BA-4519-BEC8-21C7A8F51AF8}.SIN-DEV|Mixed Platforms.Build.0 = SIN-DEV|x86
		{B3A528FF-A4BA-4519-BEC8-21C7A8F51AF8}.SIN-DEV|x86.ActiveCfg = SIN-DEV|x86
		{B3A528FF-A4BA-4519-BEC8-21C7A8F51AF8}.SIN-DEV|x86.Build.0 = SIN-DEV|x86
		{B3A528FF-A4BA-4519-BEC8-21C7A8F51AF8}.SIN-INT|Any CPU.ActiveCfg = SIN-INT|x86
		{B3A528FF-A4BA-4519-BEC8-21C7A8F51AF8}.SIN-INT|Mixed Platforms.ActiveCfg = SIN-INT|x86
		{B3A528FF-A4BA-4519-BEC8-21C7A8F51AF8}.SIN-INT|Mixed Platforms.Build.0 = SIN-INT|x86
		{B3A528FF-A4BA-4519-BEC8-21C7A8F51AF8}.SIN-INT|x86.ActiveCfg = SIN-INT|x86
		{B3A528FF-A4BA-4519-BEC8-21C7A8F51AF8}.SIN-INT|x86.Build.0 = SIN-INT|x86
		{B3A528FF-A4BA-4519-BEC8-21C7A8F51AF8}.SIN-UAT|Any CPU.ActiveCfg = SIN-UAT|x86
		{B3A528FF-A4BA-4519-BEC8-21C7A8F51AF8}.SIN-UAT|Mixed Platforms.ActiveCfg = SIN-UAT|x86
		{B3A528FF-A4BA-4519-BEC8-21C7A8F51AF8}.SIN-UAT|Mixed Platforms.Build.0 = SIN-UAT|x86
		{B3A528FF-A4BA-4519-BEC8-21C7A8F51AF8}.SIN-UAT|x86.ActiveCfg = SIN-UAT|x86
		{B3A528FF-A4BA-4519-BEC8-21C7A8F51AF8}.SIN-UAT|x86.Build.0 = SIN-UAT|x86
		{B3A528FF-A4BA-4519-BEC8-21C7A8F51AF8}.staging|Any CPU.ActiveCfg = SYD-UAT-WOW|x86
		{B3A528FF-A4BA-4519-BEC8-21C7A8F51AF8}.staging|Mixed Platforms.ActiveCfg = SYD-UAT-WOW|x86
		{B3A528FF-A4BA-4519-BEC8-21C7A8F51AF8}.staging|Mixed Platforms.Build.0 = SYD-UAT-WOW|x86
		{B3A528FF-A4BA-4519-BEC8-21C7A8F51AF8}.staging|x86.ActiveCfg = SYD-UAT-WOW|x86
		{B3A528FF-A4BA-4519-BEC8-21C7A8F51AF8}.staging|x86.Build.0 = SYD-UAT-WOW|x86
		{B3A528FF-A4BA-4519-BEC8-21C7A8F51AF8}.SYD-LIVE-WOW|Any CPU.ActiveCfg = SYD-LIVE-WOW|x86
		{B3A528FF-A4BA-4519-BEC8-21C7A8F51AF8}.SYD-LIVE-WOW|Mixed Platforms.ActiveCfg = SYD-LIVE-WOW|x86
		{B3A528FF-A4BA-4519-BEC8-21C7A8F51AF8}.SYD-LIVE-WOW|Mixed Platforms.Build.0 = SYD-LIVE-WOW|x86
		{B3A528FF-A4BA-4519-BEC8-21C7A8F51AF8}.SYD-LIVE-WOW|x86.ActiveCfg = SYD-LIVE-WOW|x86
		{B3A528FF-A4BA-4519-BEC8-21C7A8F51AF8}.SYD-LIVE-WOW|x86.Build.0 = SYD-LIVE-WOW|x86
		{B3A528FF-A4BA-4519-BEC8-21C7A8F51AF8}.SYD-UAT-WOW|Any CPU.ActiveCfg = SYD-UAT-WOW|x86
		{B3A528FF-A4BA-4519-BEC8-21C7A8F51AF8}.SYD-UAT-WOW|Mixed Platforms.ActiveCfg = SYD-UAT-WOW|x86
		{B3A528FF-A4BA-4519-BEC8-21C7A8F51AF8}.SYD-UAT-WOW|Mixed Platforms.Build.0 = SYD-UAT-WOW|x86
		{B3A528FF-A4BA-4519-BEC8-21C7A8F51AF8}.SYD-UAT-WOW|x86.ActiveCfg = SYD-UAT-WOW|x86
		{B3A528FF-A4BA-4519-BEC8-21C7A8F51AF8}.SYD-UAT-WOW|x86.Build.0 = SYD-UAT-WOW|x86
		{B3A528FF-A4BA-4519-BEC8-21C7A8F51AF8}.uat|Any CPU.ActiveCfg = uat|x86
		{B3A528FF-A4BA-4519-BEC8-21C7A8F51AF8}.uat|Mixed Platforms.ActiveCfg = uat|x86
		{B3A528FF-A4BA-4519-BEC8-21C7A8F51AF8}.uat|Mixed Platforms.Build.0 = uat|x86
		{B3A528FF-A4BA-4519-BEC8-21C7A8F51AF8}.uat|x86.ActiveCfg = uat|x86
		{B3A528FF-A4BA-4519-BEC8-21C7A8F51AF8}.uat|x86.Build.0 = uat|x86
		{F962BB71-75D2-442E-8B8B-1468F74174D7}.Debug|Any CPU.ActiveCfg = Debug|x86
		{F962BB71-75D2-442E-8B8B-1468F74174D7}.Debug|Mixed Platforms.ActiveCfg = Debug|x86
		{F962BB71-75D2-442E-8B8B-1468F74174D7}.Debug|Mixed Platforms.Build.0 = Debug|x86
		{F962BB71-75D2-442E-8B8B-1468F74174D7}.Debug|x86.ActiveCfg = Debug|x86
		{F962BB71-75D2-442E-8B8B-1468F74174D7}.Debug|x86.Build.0 = Debug|x86
		{F962BB71-75D2-442E-8B8B-1468F74174D7}.int|Any CPU.ActiveCfg = int|x86
		{F962BB71-75D2-442E-8B8B-1468F74174D7}.int|Mixed Platforms.ActiveCfg = int|x86
		{F962BB71-75D2-442E-8B8B-1468F74174D7}.int|Mixed Platforms.Build.0 = int|x86
		{F962BB71-75D2-442E-8B8B-1468F74174D7}.int|x86.ActiveCfg = int|x86
		{F962BB71-75D2-442E-8B8B-1468F74174D7}.int|x86.Build.0 = int|x86
		{F962BB71-75D2-442E-8B8B-1468F74174D7}.live|Any CPU.ActiveCfg = SYD-UAT-WOW|x86
		{F962BB71-75D2-442E-8B8B-1468F74174D7}.live|Mixed Platforms.ActiveCfg = SYD-UAT-WOW|x86
		{F962BB71-75D2-442E-8B8B-1468F74174D7}.live|Mixed Platforms.Build.0 = SYD-UAT-WOW|x86
		{F962BB71-75D2-442E-8B8B-1468F74174D7}.live|x86.ActiveCfg = SYD-UAT-WOW|x86
		{F962BB71-75D2-442E-8B8B-1468F74174D7}.live|x86.Build.0 = SYD-UAT-WOW|x86
		{F962BB71-75D2-442E-8B8B-1468F74174D7}.Release|Any CPU.ActiveCfg = Release|x86
		{F962BB71-75D2-442E-8B8B-1468F74174D7}.Release|Mixed Platforms.ActiveCfg = Release|x86
		{F962BB71-75D2-442E-8B8B-1468F74174D7}.Release|Mixed Platforms.Build.0 = Release|x86
		{F962BB71-75D2-442E-8B8B-1468F74174D7}.Release|x86.ActiveCfg = Release|x86
		{F962BB71-75D2-442E-8B8B-1468F74174D7}.Release|x86.Build.0 = Release|x86
		{F962BB71-75D2-442E-8B8B-1468F74174D7}.SIN-DEV|Any CPU.ActiveCfg = SIN-DEV|x86
		{F962BB71-75D2-442E-8B8B-1468F74174D7}.SIN-DEV|Mixed Platforms.ActiveCfg = SIN-DEV|x86
		{F962BB71-75D2-442E-8B8B-1468F74174D7}.SIN-DEV|Mixed Platforms.Build.0 = SIN-DEV|x86
		{F962BB71-75D2-442E-8B8B-1468F74174D7}.SIN-DEV|x86.ActiveCfg = SIN-DEV|x86
		{F962BB71-75D2-442E-8B8B-1468F74174D7}.SIN-DEV|x86.Build.0 = SIN-DEV|x86
		{F962BB71-75D2-442E-8B8B-1468F74174D7}.SIN-INT|Any CPU.ActiveCfg = SIN-INT|x86
		{F962BB71-75D2-442E-8B8B-1468F74174D7}.SIN-INT|Mixed Platforms.ActiveCfg = SIN-INT|x86
		{F962BB71-75D2-442E-8B8B-1468F74174D7}.SIN-INT|Mixed Platforms.Build.0 = SIN-INT|x86
		{F962BB71-75D2-442E-8B8B-1468F74174D7}.SIN-INT|x86.ActiveCfg = SIN-INT|x86
		{F962BB71-75D2-442E-8B8B-1468F74174D7}.SIN-INT|x86.Build.0 = SIN-INT|x86
		{F962BB71-75D2-442E-8B8B-1468F74174D7}.SIN-UAT|Any CPU.ActiveCfg = SIN-UAT|x86
		{F962BB71-75D2-442E-8B8B-1468F74174D7}.SIN-UAT|Mixed Platforms.ActiveCfg = SIN-UAT|x86
		{F962BB71-75D2-442E-8B8B-1468F74174D7}.SIN-UAT|Mixed Platforms.Build.0 = SIN-UAT|x86
		{F962BB71-75D2-442E-8B8B-1468F74174D7}.SIN-UAT|x86.ActiveCfg = SIN-UAT|x86
		{F962BB71-75D2-442E-8B8B-1468F74174D7}.SIN-UAT|x86.Build.0 = SIN-UAT|x86
		{F962BB71-75D2-442E-8B8B-1468F74174D7}.staging|Any CPU.ActiveCfg = SYD-UAT-WOW|x86
		{F962BB71-75D2-442E-8B8B-1468F74174D7}.staging|Mixed Platforms.ActiveCfg = SYD-UAT-WOW|x86
		{F962BB71-75D2-442E-8B8B-1468F74174D7}.staging|Mixed Platforms.Build.0 = SYD-UAT-WOW|x86
		{F962BB71-75D2-442E-8B8B-1468F74174D7}.staging|x86.ActiveCfg = SYD-UAT-WOW|x86
		{F962BB71-75D2-442E-8B8B-1468F74174D7}.staging|x86.Build.0 = SYD-UAT-WOW|x86
		{F962BB71-75D2-442E-8B8B-1468F74174D7}.SYD-LIVE-WOW|Any CPU.ActiveCfg = SYD-LIVE-WOW|x86
		{F962BB71-75D2-442E-8B8B-1468F74174D7}.SYD-LIVE-WOW|Mixed Platforms.ActiveCfg = SYD-LIVE-WOW|x86
		{F962BB71-75D2-442E-8B8B-1468F74174D7}.SYD-LIVE-WOW|Mixed Platforms.Build.0 = SYD-LIVE-WOW|x86
		{F962BB71-75D2-442E-8B8B-1468F74174D7}.SYD-LIVE-WOW|x86.ActiveCfg = SYD-LIVE-WOW|x86
		{F962BB71-75D2-442E-8B8B-1468F74174D7}.SYD-LIVE-WOW|x86.Build.0 = SYD-LIVE-WOW|x86
		{F962BB71-75D2-442E-8B8B-1468F74174D7}.SYD-UAT-WOW|Any CPU.ActiveCfg = SYD-UAT-WOW|x86
		{F962BB71-75D2-442E-8B8B-1468F74174D7}.SYD-UAT-WOW|Mixed Platforms.ActiveCfg = SYD-UAT-WOW|x86
		{F962BB71-75D2-442E-8B8B-1468F74174D7}.SYD-UAT-WOW|Mixed Platforms.Build.0 = SYD-UAT-WOW|x86
		{F962BB71-75D2-442E-8B8B-1468F74174D7}.SYD-UAT-WOW|x86.ActiveCfg = SYD-UAT-WOW|x86
		{F962BB71-75D2-442E-8B8B-1468F74174D7}.SYD-UAT-WOW|x86.Build.0 = SYD-UAT-WOW|x86
		{F962BB71-75D2-442E-8B8B-1468F74174D7}.uat|Any CPU.ActiveCfg = uat|x86
		{F962BB71-75D2-442E-8B8B-1468F74174D7}.uat|Mixed Platforms.ActiveCfg = uat|x86
		{F962BB71-75D2-442E-8B8B-1468F74174D7}.uat|Mixed Platforms.Build.0 = uat|x86
		{F962BB71-75D2-442E-8B8B-1468F74174D7}.uat|x86.ActiveCfg = uat|x86
		{F962BB71-75D2-442E-8B8B-1468F74174D7}.uat|x86.Build.0 = uat|x86
	EndGlobalSection
	GlobalSection(SolutionProperties) = preSolution
		HideSolutionNode = FALSE
	EndGlobalSection
EndGlobal
